
Microsoft Visual Studio Solution File, Format Version 12.00
# Visual Studio Version 17
VisualStudioVersion = 17.0.31919.166
MinimumVisualStudioVersion = 10.0.40219.1
Project("{FAE04EC0-301F-11D3-BF4B-00C04F79EFBC}") = "RetriX.UWP", "RetriX.UWP\RetriX.UWP.csproj", "{17975A5B-67F5-494F-937D-9132AC78BD35}"
EndProject
Project("{8BC9CEB8-8B4A-11D0-8D11-00A0C91BC942}") = "RetriX.UWP.Native", "RetriX.UWP.Native\RetriX.UWP.Native.vcxproj", "{0E82EE5A-B44A-4B8B-928A-A981C2CF8917}"
EndProject
Project("{2150E333-8FDC-42A3-9474-1A3956D46DE8}") = "Compontents", "Compontents", "{EF8F1F4B-C083-4B6E-A9D6-0A8789C27F53}"
EndProject
Project("{9A19103F-16F7-4668-BE54-9A1E7A4F7556}") = "InjectedFiles", "Components\InjectedFiles\InjectedFiles.csproj", "{25794655-506D-4192-A5F0-F1DF48CA42AE}"
EndProject
Project("{FAE04EC0-301F-11D3-BF4B-00C04F79EFBC}") = "SharpCompress", "Components\SharpCompress\SharpCompress.csproj", "{8F9BB3EE-E365-4FE0-B5EE-FB45D7E7FE41}"
EndProject
Global
	GlobalSection(SolutionConfigurationPlatforms) = preSolution
		Debug|Any CPU = Debug|Any CPU
		Debug|ARM = Debug|ARM
		Debug|ARM64 = Debug|ARM64
		Debug|x64 = Debug|x64
		Debug|x86 = Debug|x86
		DebugQ16|Any CPU = DebugQ16|Any CPU
		DebugQ16|ARM = DebugQ16|ARM
		DebugQ16|ARM64 = DebugQ16|ARM64
		DebugQ16|x64 = DebugQ16|x64
		DebugQ16|x86 = DebugQ16|x86
		DebugQ16-HDRI|Any CPU = DebugQ16-HDRI|Any CPU
		DebugQ16-HDRI|ARM = DebugQ16-HDRI|ARM
		DebugQ16-HDRI|ARM64 = DebugQ16-HDRI|ARM64
		DebugQ16-HDRI|x64 = DebugQ16-HDRI|x64
		DebugQ16-HDRI|x86 = DebugQ16-HDRI|x86
		DebugQ8|Any CPU = DebugQ8|Any CPU
		DebugQ8|ARM = DebugQ8|ARM
		DebugQ8|ARM64 = DebugQ8|ARM64
		DebugQ8|x64 = DebugQ8|x64
		DebugQ8|x86 = DebugQ8|x86
		Release|Any CPU = Release|Any CPU
		Release|ARM = Release|ARM
		Release|ARM64 = Release|ARM64
		Release|x64 = Release|x64
		Release|x86 = Release|x86
		ReleaseQ16|Any CPU = ReleaseQ16|Any CPU
		ReleaseQ16|ARM = ReleaseQ16|ARM
		ReleaseQ16|ARM64 = ReleaseQ16|ARM64
		ReleaseQ16|x64 = ReleaseQ16|x64
		ReleaseQ16|x86 = ReleaseQ16|x86
		ReleaseQ16-HDRI|Any CPU = ReleaseQ16-HDRI|Any CPU
		ReleaseQ16-HDRI|ARM = ReleaseQ16-HDRI|ARM
		ReleaseQ16-HDRI|ARM64 = ReleaseQ16-HDRI|ARM64
		ReleaseQ16-HDRI|x64 = ReleaseQ16-HDRI|x64
		ReleaseQ16-HDRI|x86 = ReleaseQ16-HDRI|x86
		ReleaseQ16-HDRI-OpenMP|Any CPU = ReleaseQ16-HDRI-OpenMP|Any CPU
		ReleaseQ16-HDRI-OpenMP|ARM = ReleaseQ16-HDRI-OpenMP|ARM
		ReleaseQ16-HDRI-OpenMP|ARM64 = ReleaseQ16-HDRI-OpenMP|ARM64
		ReleaseQ16-HDRI-OpenMP|x64 = ReleaseQ16-HDRI-OpenMP|x64
		ReleaseQ16-HDRI-OpenMP|x86 = ReleaseQ16-HDRI-OpenMP|x86
		ReleaseQ16-OpenMP|Any CPU = ReleaseQ16-OpenMP|Any CPU
		ReleaseQ16-OpenMP|ARM = ReleaseQ16-OpenMP|ARM
		ReleaseQ16-OpenMP|ARM64 = ReleaseQ16-OpenMP|ARM64
		ReleaseQ16-OpenMP|x64 = ReleaseQ16-OpenMP|x64
		ReleaseQ16-OpenMP|x86 = ReleaseQ16-OpenMP|x86
		ReleaseQ8|Any CPU = ReleaseQ8|Any CPU
		ReleaseQ8|ARM = ReleaseQ8|ARM
		ReleaseQ8|ARM64 = ReleaseQ8|ARM64
		ReleaseQ8|x64 = ReleaseQ8|x64
		ReleaseQ8|x86 = ReleaseQ8|x86
		ReleaseQ8-OpenMP|Any CPU = ReleaseQ8-OpenMP|Any CPU
		ReleaseQ8-OpenMP|ARM = ReleaseQ8-OpenMP|ARM
		ReleaseQ8-OpenMP|ARM64 = ReleaseQ8-OpenMP|ARM64
		ReleaseQ8-OpenMP|x64 = ReleaseQ8-OpenMP|x64
		ReleaseQ8-OpenMP|x86 = ReleaseQ8-OpenMP|x86
		Test|Any CPU = Test|Any CPU
		Test|ARM = Test|ARM
		Test|ARM64 = Test|ARM64
		Test|x64 = Test|x64
		Test|x86 = Test|x86
		TestQ16|Any CPU = TestQ16|Any CPU
		TestQ16|ARM = TestQ16|ARM
		TestQ16|ARM64 = TestQ16|ARM64
		TestQ16|x64 = TestQ16|x64
		TestQ16|x86 = TestQ16|x86
		TestQ16-HDRI|Any CPU = TestQ16-HDRI|Any CPU
		TestQ16-HDRI|ARM = TestQ16-HDRI|ARM
		TestQ16-HDRI|ARM64 = TestQ16-HDRI|ARM64
		TestQ16-HDRI|x64 = TestQ16-HDRI|x64
		TestQ16-HDRI|x86 = TestQ16-HDRI|x86
		TestQ16-HDRI-OpenMP|Any CPU = TestQ16-HDRI-OpenMP|Any CPU
		TestQ16-HDRI-OpenMP|ARM = TestQ16-HDRI-OpenMP|ARM
		TestQ16-HDRI-OpenMP|ARM64 = TestQ16-HDRI-OpenMP|ARM64
		TestQ16-HDRI-OpenMP|x64 = TestQ16-HDRI-OpenMP|x64
		TestQ16-HDRI-OpenMP|x86 = TestQ16-HDRI-OpenMP|x86
		TestQ16-OpenMP|Any CPU = TestQ16-OpenMP|Any CPU
		TestQ16-OpenMP|ARM = TestQ16-OpenMP|ARM
		TestQ16-OpenMP|ARM64 = TestQ16-OpenMP|ARM64
		TestQ16-OpenMP|x64 = TestQ16-OpenMP|x64
		TestQ16-OpenMP|x86 = TestQ16-OpenMP|x86
		TestQ8|Any CPU = TestQ8|Any CPU
		TestQ8|ARM = TestQ8|ARM
		TestQ8|ARM64 = TestQ8|ARM64
		TestQ8|x64 = TestQ8|x64
		TestQ8|x86 = TestQ8|x86
		TestQ8-OpenMP|Any CPU = TestQ8-OpenMP|Any CPU
		TestQ8-OpenMP|ARM = TestQ8-OpenMP|ARM
		TestQ8-OpenMP|ARM64 = TestQ8-OpenMP|ARM64
		TestQ8-OpenMP|x64 = TestQ8-OpenMP|x64
		TestQ8-OpenMP|x86 = TestQ8-OpenMP|x86
	EndGlobalSection
	GlobalSection(ProjectConfigurationPlatforms) = postSolution
		{17975A5B-67F5-494F-937D-9132AC78BD35}.Debug|Any CPU.ActiveCfg = Debug|x86
		{17975A5B-67F5-494F-937D-9132AC78BD35}.Debug|ARM.ActiveCfg = Debug|ARM
		{17975A5B-67F5-494F-937D-9132AC78BD35}.Debug|ARM.Build.0 = Debug|ARM
		{17975A5B-67F5-494F-937D-9132AC78BD35}.Debug|ARM.Deploy.0 = Debug|ARM
		{17975A5B-67F5-494F-937D-9132AC78BD35}.Debug|ARM64.ActiveCfg = Debug|x86
		{17975A5B-67F5-494F-937D-9132AC78BD35}.Debug|x64.ActiveCfg = Debug|x64
		{17975A5B-67F5-494F-937D-9132AC78BD35}.Debug|x64.Build.0 = Debug|x64
		{17975A5B-67F5-494F-937D-9132AC78BD35}.Debug|x64.Deploy.0 = Debug|x64
		{17975A5B-67F5-494F-937D-9132AC78BD35}.Debug|x86.ActiveCfg = Debug|x86
		{17975A5B-67F5-494F-937D-9132AC78BD35}.Debug|x86.Build.0 = Debug|x86
		{17975A5B-67F5-494F-937D-9132AC78BD35}.Debug|x86.Deploy.0 = Debug|x86
		{17975A5B-67F5-494F-937D-9132AC78BD35}.DebugQ16|Any CPU.ActiveCfg = Debug|x64
		{17975A5B-67F5-494F-937D-9132AC78BD35}.DebugQ16|Any CPU.Build.0 = Debug|x64
		{17975A5B-67F5-494F-937D-9132AC78BD35}.DebugQ16|Any CPU.Deploy.0 = Debug|x64
		{17975A5B-67F5-494F-937D-9132AC78BD35}.DebugQ16|ARM.ActiveCfg = Debug|ARM
		{17975A5B-67F5-494F-937D-9132AC78BD35}.DebugQ16|ARM.Build.0 = Debug|ARM
		{17975A5B-67F5-494F-937D-9132AC78BD35}.DebugQ16|ARM.Deploy.0 = Debug|ARM
		{17975A5B-67F5-494F-937D-9132AC78BD35}.DebugQ16|ARM64.ActiveCfg = Debug|x64
		{17975A5B-67F5-494F-937D-9132AC78BD35}.DebugQ16|ARM64.Build.0 = Debug|x64
		{17975A5B-67F5-494F-937D-9132AC78BD35}.DebugQ16|ARM64.Deploy.0 = Debug|x64
		{17975A5B-67F5-494F-937D-9132AC78BD35}.DebugQ16|x64.ActiveCfg = Debug|x64
		{17975A5B-67F5-494F-937D-9132AC78BD35}.DebugQ16|x64.Build.0 = Debug|x64
		{17975A5B-67F5-494F-937D-9132AC78BD35}.DebugQ16|x64.Deploy.0 = Debug|x64
		{17975A5B-67F5-494F-937D-9132AC78BD35}.DebugQ16|x86.ActiveCfg = Debug|x86
		{17975A5B-67F5-494F-937D-9132AC78BD35}.DebugQ16|x86.Build.0 = Debug|x86
		{17975A5B-67F5-494F-937D-9132AC78BD35}.DebugQ16|x86.Deploy.0 = Debug|x86
		{17975A5B-67F5-494F-937D-9132AC78BD35}.DebugQ16-HDRI|Any CPU.ActiveCfg = Debug|x64
		{17975A5B-67F5-494F-937D-9132AC78BD35}.DebugQ16-HDRI|Any CPU.Build.0 = Debug|x64
		{17975A5B-67F5-494F-937D-9132AC78BD35}.DebugQ16-HDRI|Any CPU.Deploy.0 = Debug|x64
		{17975A5B-67F5-494F-937D-9132AC78BD35}.DebugQ16-HDRI|ARM.ActiveCfg = Debug|ARM
		{17975A5B-67F5-494F-937D-9132AC78BD35}.DebugQ16-HDRI|ARM.Build.0 = Debug|ARM
		{17975A5B-67F5-494F-937D-9132AC78BD35}.DebugQ16-HDRI|ARM.Deploy.0 = Debug|ARM
		{17975A5B-67F5-494F-937D-9132AC78BD35}.DebugQ16-HDRI|ARM64.ActiveCfg = Debug|x64
		{17975A5B-67F5-494F-937D-9132AC78BD35}.DebugQ16-HDRI|ARM64.Build.0 = Debug|x64
		{17975A5B-67F5-494F-937D-9132AC78BD35}.DebugQ16-HDRI|ARM64.Deploy.0 = Debug|x64
		{17975A5B-67F5-494F-937D-9132AC78BD35}.DebugQ16-HDRI|x64.ActiveCfg = Debug|x64
		{17975A5B-67F5-494F-937D-9132AC78BD35}.DebugQ16-HDRI|x64.Build.0 = Debug|x64
		{17975A5B-67F5-494F-937D-9132AC78BD35}.DebugQ16-HDRI|x64.Deploy.0 = Debug|x64
		{17975A5B-67F5-494F-937D-9132AC78BD35}.DebugQ16-HDRI|x86.ActiveCfg = Debug|x86
		{17975A5B-67F5-494F-937D-9132AC78BD35}.DebugQ16-HDRI|x86.Build.0 = Debug|x86
		{17975A5B-67F5-494F-937D-9132AC78BD35}.DebugQ16-HDRI|x86.Deploy.0 = Debug|x86
		{17975A5B-67F5-494F-937D-9132AC78BD35}.DebugQ8|Any CPU.ActiveCfg = Debug|x64
		{17975A5B-67F5-494F-937D-9132AC78BD35}.DebugQ8|Any CPU.Build.0 = Debug|x64
		{17975A5B-67F5-494F-937D-9132AC78BD35}.DebugQ8|Any CPU.Deploy.0 = Debug|x64
		{17975A5B-67F5-494F-937D-9132AC78BD35}.DebugQ8|ARM.ActiveCfg = Debug|ARM
		{17975A5B-67F5-494F-937D-9132AC78BD35}.DebugQ8|ARM.Build.0 = Debug|ARM
		{17975A5B-67F5-494F-937D-9132AC78BD35}.DebugQ8|ARM.Deploy.0 = Debug|ARM
		{17975A5B-67F5-494F-937D-9132AC78BD35}.DebugQ8|ARM64.ActiveCfg = Debug|x64
		{17975A5B-67F5-494F-937D-9132AC78BD35}.DebugQ8|ARM64.Build.0 = Debug|x64
		{17975A5B-67F5-494F-937D-9132AC78BD35}.DebugQ8|ARM64.Deploy.0 = Debug|x64
		{17975A5B-67F5-494F-937D-9132AC78BD35}.DebugQ8|x64.ActiveCfg = Debug|x64
		{17975A5B-67F5-494F-937D-9132AC78BD35}.DebugQ8|x64.Build.0 = Debug|x64
		{17975A5B-67F5-494F-937D-9132AC78BD35}.DebugQ8|x64.Deploy.0 = Debug|x64
		{17975A5B-67F5-494F-937D-9132AC78BD35}.DebugQ8|x86.ActiveCfg = Debug|x86
		{17975A5B-67F5-494F-937D-9132AC78BD35}.DebugQ8|x86.Build.0 = Debug|x86
		{17975A5B-67F5-494F-937D-9132AC78BD35}.DebugQ8|x86.Deploy.0 = Debug|x86
		{17975A5B-67F5-494F-937D-9132AC78BD35}.Release|Any CPU.ActiveCfg = Release|x86
		{17975A5B-67F5-494F-937D-9132AC78BD35}.Release|ARM.ActiveCfg = Release|ARM
		{17975A5B-67F5-494F-937D-9132AC78BD35}.Release|ARM.Build.0 = Release|ARM
		{17975A5B-67F5-494F-937D-9132AC78BD35}.Release|ARM.Deploy.0 = Release|ARM
		{17975A5B-67F5-494F-937D-9132AC78BD35}.Release|ARM64.ActiveCfg = Release|x86
		{17975A5B-67F5-494F-937D-9132AC78BD35}.Release|x64.ActiveCfg = Release|x64
		{17975A5B-67F5-494F-937D-9132AC78BD35}.Release|x64.Build.0 = Release|x64
		{17975A5B-67F5-494F-937D-9132AC78BD35}.Release|x64.Deploy.0 = Release|x64
		{17975A5B-67F5-494F-937D-9132AC78BD35}.Release|x86.ActiveCfg = Release|x86
		{17975A5B-67F5-494F-937D-9132AC78BD35}.Release|x86.Build.0 = Release|x86
		{17975A5B-67F5-494F-937D-9132AC78BD35}.Release|x86.Deploy.0 = Release|x86
		{17975A5B-67F5-494F-937D-9132AC78BD35}.ReleaseQ16|Any CPU.ActiveCfg = Release|x64
		{17975A5B-67F5-494F-937D-9132AC78BD35}.ReleaseQ16|Any CPU.Build.0 = Release|x64
		{17975A5B-67F5-494F-937D-9132AC78BD35}.ReleaseQ16|Any CPU.Deploy.0 = Release|x64
		{17975A5B-67F5-494F-937D-9132AC78BD35}.ReleaseQ16|ARM.ActiveCfg = Release|ARM
		{17975A5B-67F5-494F-937D-9132AC78BD35}.ReleaseQ16|ARM.Build.0 = Release|ARM
		{17975A5B-67F5-494F-937D-9132AC78BD35}.ReleaseQ16|ARM.Deploy.0 = Release|ARM
		{17975A5B-67F5-494F-937D-9132AC78BD35}.ReleaseQ16|ARM64.ActiveCfg = Release|x64
		{17975A5B-67F5-494F-937D-9132AC78BD35}.ReleaseQ16|ARM64.Build.0 = Release|x64
		{17975A5B-67F5-494F-937D-9132AC78BD35}.ReleaseQ16|ARM64.Deploy.0 = Release|x64
		{17975A5B-67F5-494F-937D-9132AC78BD35}.ReleaseQ16|x64.ActiveCfg = Release|x64
		{17975A5B-67F5-494F-937D-9132AC78BD35}.ReleaseQ16|x64.Build.0 = Release|x64
		{17975A5B-67F5-494F-937D-9132AC78BD35}.ReleaseQ16|x64.Deploy.0 = Release|x64
		{17975A5B-67F5-494F-937D-9132AC78BD35}.ReleaseQ16|x86.ActiveCfg = Release|x86
		{17975A5B-67F5-494F-937D-9132AC78BD35}.ReleaseQ16|x86.Build.0 = Release|x86
		{17975A5B-67F5-494F-937D-9132AC78BD35}.ReleaseQ16|x86.Deploy.0 = Release|x86
		{17975A5B-67F5-494F-937D-9132AC78BD35}.ReleaseQ16-HDRI|Any CPU.ActiveCfg = Release|x64
		{17975A5B-67F5-494F-937D-9132AC78BD35}.ReleaseQ16-HDRI|Any CPU.Build.0 = Release|x64
		{17975A5B-67F5-494F-937D-9132AC78BD35}.ReleaseQ16-HDRI|Any CPU.Deploy.0 = Release|x64
		{17975A5B-67F5-494F-937D-9132AC78BD35}.ReleaseQ16-HDRI|ARM.ActiveCfg = Release|ARM
		{17975A5B-67F5-494F-937D-9132AC78BD35}.ReleaseQ16-HDRI|ARM.Build.0 = Release|ARM
		{17975A5B-67F5-494F-937D-9132AC78BD35}.ReleaseQ16-HDRI|ARM.Deploy.0 = Release|ARM
		{17975A5B-67F5-494F-937D-9132AC78BD35}.ReleaseQ16-HDRI|ARM64.ActiveCfg = Release|x64
		{17975A5B-67F5-494F-937D-9132AC78BD35}.ReleaseQ16-HDRI|ARM64.Build.0 = Release|x64
		{17975A5B-67F5-494F-937D-9132AC78BD35}.ReleaseQ16-HDRI|ARM64.Deploy.0 = Release|x64
		{17975A5B-67F5-494F-937D-9132AC78BD35}.ReleaseQ16-HDRI|x64.ActiveCfg = Release|x64
		{17975A5B-67F5-494F-937D-9132AC78BD35}.ReleaseQ16-HDRI|x64.Build.0 = Release|x64
		{17975A5B-67F5-494F-937D-9132AC78BD35}.ReleaseQ16-HDRI|x64.Deploy.0 = Release|x64
		{17975A5B-67F5-494F-937D-9132AC78BD35}.ReleaseQ16-HDRI|x86.ActiveCfg = Release|x86
		{17975A5B-67F5-494F-937D-9132AC78BD35}.ReleaseQ16-HDRI|x86.Build.0 = Release|x86
		{17975A5B-67F5-494F-937D-9132AC78BD35}.ReleaseQ16-HDRI|x86.Deploy.0 = Release|x86
		{17975A5B-67F5-494F-937D-9132AC78BD35}.ReleaseQ16-HDRI-OpenMP|Any CPU.ActiveCfg = Release|x64
		{17975A5B-67F5-494F-937D-9132AC78BD35}.ReleaseQ16-HDRI-OpenMP|Any CPU.Build.0 = Release|x64
		{17975A5B-67F5-494F-937D-9132AC78BD35}.ReleaseQ16-HDRI-OpenMP|Any CPU.Deploy.0 = Release|x64
		{17975A5B-67F5-494F-937D-9132AC78BD35}.ReleaseQ16-HDRI-OpenMP|ARM.ActiveCfg = Release|ARM
		{17975A5B-67F5-494F-937D-9132AC78BD35}.ReleaseQ16-HDRI-OpenMP|ARM.Build.0 = Release|ARM
		{17975A5B-67F5-494F-937D-9132AC78BD35}.ReleaseQ16-HDRI-OpenMP|ARM.Deploy.0 = Release|ARM
		{17975A5B-67F5-494F-937D-9132AC78BD35}.ReleaseQ16-HDRI-OpenMP|ARM64.ActiveCfg = Release|x64
		{17975A5B-67F5-494F-937D-9132AC78BD35}.ReleaseQ16-HDRI-OpenMP|ARM64.Build.0 = Release|x64
		{17975A5B-67F5-494F-937D-9132AC78BD35}.ReleaseQ16-HDRI-OpenMP|ARM64.Deploy.0 = Release|x64
		{17975A5B-67F5-494F-937D-9132AC78BD35}.ReleaseQ16-HDRI-OpenMP|x64.ActiveCfg = Release|x64
		{17975A5B-67F5-494F-937D-9132AC78BD35}.ReleaseQ16-HDRI-OpenMP|x64.Build.0 = Release|x64
		{17975A5B-67F5-494F-937D-9132AC78BD35}.ReleaseQ16-HDRI-OpenMP|x64.Deploy.0 = Release|x64
		{17975A5B-67F5-494F-937D-9132AC78BD35}.ReleaseQ16-HDRI-OpenMP|x86.ActiveCfg = Release|x86
		{17975A5B-67F5-494F-937D-9132AC78BD35}.ReleaseQ16-HDRI-OpenMP|x86.Build.0 = Release|x86
		{17975A5B-67F5-494F-937D-9132AC78BD35}.ReleaseQ16-HDRI-OpenMP|x86.Deploy.0 = Release|x86
		{17975A5B-67F5-494F-937D-9132AC78BD35}.ReleaseQ16-OpenMP|Any CPU.ActiveCfg = Release|x64
		{17975A5B-67F5-494F-937D-9132AC78BD35}.ReleaseQ16-OpenMP|Any CPU.Build.0 = Release|x64
		{17975A5B-67F5-494F-937D-9132AC78BD35}.ReleaseQ16-OpenMP|Any CPU.Deploy.0 = Release|x64
		{17975A5B-67F5-494F-937D-9132AC78BD35}.ReleaseQ16-OpenMP|ARM.ActiveCfg = Release|ARM
		{17975A5B-67F5-494F-937D-9132AC78BD35}.ReleaseQ16-OpenMP|ARM.Build.0 = Release|ARM
		{17975A5B-67F5-494F-937D-9132AC78BD35}.ReleaseQ16-OpenMP|ARM.Deploy.0 = Release|ARM
		{17975A5B-67F5-494F-937D-9132AC78BD35}.ReleaseQ16-OpenMP|ARM64.ActiveCfg = Release|x64
		{17975A5B-67F5-494F-937D-9132AC78BD35}.ReleaseQ16-OpenMP|ARM64.Build.0 = Release|x64
		{17975A5B-67F5-494F-937D-9132AC78BD35}.ReleaseQ16-OpenMP|ARM64.Deploy.0 = Release|x64
		{17975A5B-67F5-494F-937D-9132AC78BD35}.ReleaseQ16-OpenMP|x64.ActiveCfg = Release|x64
		{17975A5B-67F5-494F-937D-9132AC78BD35}.ReleaseQ16-OpenMP|x64.Build.0 = Release|x64
		{17975A5B-67F5-494F-937D-9132AC78BD35}.ReleaseQ16-OpenMP|x64.Deploy.0 = Release|x64
		{17975A5B-67F5-494F-937D-9132AC78BD35}.ReleaseQ16-OpenMP|x86.ActiveCfg = Release|x86
		{17975A5B-67F5-494F-937D-9132AC78BD35}.ReleaseQ16-OpenMP|x86.Build.0 = Release|x86
		{17975A5B-67F5-494F-937D-9132AC78BD35}.ReleaseQ16-OpenMP|x86.Deploy.0 = Release|x86
		{17975A5B-67F5-494F-937D-9132AC78BD35}.ReleaseQ8|Any CPU.ActiveCfg = Release|x64
		{17975A5B-67F5-494F-937D-9132AC78BD35}.ReleaseQ8|Any CPU.Build.0 = Release|x64
		{17975A5B-67F5-494F-937D-9132AC78BD35}.ReleaseQ8|Any CPU.Deploy.0 = Release|x64
		{17975A5B-67F5-494F-937D-9132AC78BD35}.ReleaseQ8|ARM.ActiveCfg = Release|ARM
		{17975A5B-67F5-494F-937D-9132AC78BD35}.ReleaseQ8|ARM.Build.0 = Release|ARM
		{17975A5B-67F5-494F-937D-9132AC78BD35}.ReleaseQ8|ARM.Deploy.0 = Release|ARM
		{17975A5B-67F5-494F-937D-9132AC78BD35}.ReleaseQ8|ARM64.ActiveCfg = Release|x64
		{17975A5B-67F5-494F-937D-9132AC78BD35}.ReleaseQ8|ARM64.Build.0 = Release|x64
		{17975A5B-67F5-494F-937D-9132AC78BD35}.ReleaseQ8|ARM64.Deploy.0 = Release|x64
		{17975A5B-67F5-494F-937D-9132AC78BD35}.ReleaseQ8|x64.ActiveCfg = Release|x64
		{17975A5B-67F5-494F-937D-9132AC78BD35}.ReleaseQ8|x64.Build.0 = Release|x64
		{17975A5B-67F5-494F-937D-9132AC78BD35}.ReleaseQ8|x64.Deploy.0 = Release|x64
		{17975A5B-67F5-494F-937D-9132AC78BD35}.ReleaseQ8|x86.ActiveCfg = Release|x86
		{17975A5B-67F5-494F-937D-9132AC78BD35}.ReleaseQ8|x86.Build.0 = Release|x86
		{17975A5B-67F5-494F-937D-9132AC78BD35}.ReleaseQ8|x86.Deploy.0 = Release|x86
		{17975A5B-67F5-494F-937D-9132AC78BD35}.ReleaseQ8-OpenMP|Any CPU.ActiveCfg = Release|x64
		{17975A5B-67F5-494F-937D-9132AC78BD35}.ReleaseQ8-OpenMP|Any CPU.Build.0 = Release|x64
		{17975A5B-67F5-494F-937D-9132AC78BD35}.ReleaseQ8-OpenMP|Any CPU.Deploy.0 = Release|x64
		{17975A5B-67F5-494F-937D-9132AC78BD35}.ReleaseQ8-OpenMP|ARM.ActiveCfg = Release|ARM
		{17975A5B-67F5-494F-937D-9132AC78BD35}.ReleaseQ8-OpenMP|ARM.Build.0 = Release|ARM
		{17975A5B-67F5-494F-937D-9132AC78BD35}.ReleaseQ8-OpenMP|ARM.Deploy.0 = Release|ARM
		{17975A5B-67F5-494F-937D-9132AC78BD35}.ReleaseQ8-OpenMP|ARM64.ActiveCfg = Release|x64
		{17975A5B-67F5-494F-937D-9132AC78BD35}.ReleaseQ8-OpenMP|ARM64.Build.0 = Release|x64
		{17975A5B-67F5-494F-937D-9132AC78BD35}.ReleaseQ8-OpenMP|ARM64.Deploy.0 = Release|x64
		{17975A5B-67F5-494F-937D-9132AC78BD35}.ReleaseQ8-OpenMP|x64.ActiveCfg = Release|x64
		{17975A5B-67F5-494F-937D-9132AC78BD35}.ReleaseQ8-OpenMP|x64.Build.0 = Release|x64
		{17975A5B-67F5-494F-937D-9132AC78BD35}.ReleaseQ8-OpenMP|x64.Deploy.0 = Release|x64
		{17975A5B-67F5-494F-937D-9132AC78BD35}.ReleaseQ8-OpenMP|x86.ActiveCfg = Release|x86
		{17975A5B-67F5-494F-937D-9132AC78BD35}.ReleaseQ8-OpenMP|x86.Build.0 = Release|x86
		{17975A5B-67F5-494F-937D-9132AC78BD35}.ReleaseQ8-OpenMP|x86.Deploy.0 = Release|x86
		{17975A5B-67F5-494F-937D-9132AC78BD35}.Test|Any CPU.ActiveCfg = Store|x64
		{17975A5B-67F5-494F-937D-9132AC78BD35}.Test|Any CPU.Build.0 = Store|x64
		{17975A5B-67F5-494F-937D-9132AC78BD35}.Test|Any CPU.Deploy.0 = Store|x64
		{17975A5B-67F5-494F-937D-9132AC78BD35}.Test|ARM.ActiveCfg = Store|ARM
		{17975A5B-67F5-494F-937D-9132AC78BD35}.Test|ARM.Build.0 = Store|ARM
		{17975A5B-67F5-494F-937D-9132AC78BD35}.Test|ARM.Deploy.0 = Store|ARM
		{17975A5B-67F5-494F-937D-9132AC78BD35}.Test|ARM64.ActiveCfg = Store|x64
		{17975A5B-67F5-494F-937D-9132AC78BD35}.Test|ARM64.Build.0 = Store|x64
		{17975A5B-67F5-494F-937D-9132AC78BD35}.Test|ARM64.Deploy.0 = Store|x64
		{17975A5B-67F5-494F-937D-9132AC78BD35}.Test|x64.ActiveCfg = Store|x64
		{17975A5B-67F5-494F-937D-9132AC78BD35}.Test|x64.Build.0 = Store|x64
		{17975A5B-67F5-494F-937D-9132AC78BD35}.Test|x64.Deploy.0 = Store|x64
		{17975A5B-67F5-494F-937D-9132AC78BD35}.Test|x86.ActiveCfg = Store|x86
		{17975A5B-67F5-494F-937D-9132AC78BD35}.Test|x86.Build.0 = Store|x86
		{17975A5B-67F5-494F-937D-9132AC78BD35}.Test|x86.Deploy.0 = Store|x86
		{17975A5B-67F5-494F-937D-9132AC78BD35}.TestQ16|Any CPU.ActiveCfg = Store|x64
		{17975A5B-67F5-494F-937D-9132AC78BD35}.TestQ16|Any CPU.Build.0 = Store|x64
		{17975A5B-67F5-494F-937D-9132AC78BD35}.TestQ16|Any CPU.Deploy.0 = Store|x64
		{17975A5B-67F5-494F-937D-9132AC78BD35}.TestQ16|ARM.ActiveCfg = Store|ARM
		{17975A5B-67F5-494F-937D-9132AC78BD35}.TestQ16|ARM.Build.0 = Store|ARM
		{17975A5B-67F5-494F-937D-9132AC78BD35}.TestQ16|ARM.Deploy.0 = Store|ARM
		{17975A5B-67F5-494F-937D-9132AC78BD35}.TestQ16|ARM64.ActiveCfg = Store|x64
		{17975A5B-67F5-494F-937D-9132AC78BD35}.TestQ16|ARM64.Build.0 = Store|x64
		{17975A5B-67F5-494F-937D-9132AC78BD35}.TestQ16|ARM64.Deploy.0 = Store|x64
		{17975A5B-67F5-494F-937D-9132AC78BD35}.TestQ16|x64.ActiveCfg = Store|x64
		{17975A5B-67F5-494F-937D-9132AC78BD35}.TestQ16|x64.Build.0 = Store|x64
		{17975A5B-67F5-494F-937D-9132AC78BD35}.TestQ16|x64.Deploy.0 = Store|x64
		{17975A5B-67F5-494F-937D-9132AC78BD35}.TestQ16|x86.ActiveCfg = Store|x86
		{17975A5B-67F5-494F-937D-9132AC78BD35}.TestQ16|x86.Build.0 = Store|x86
		{17975A5B-67F5-494F-937D-9132AC78BD35}.TestQ16|x86.Deploy.0 = Store|x86
		{17975A5B-67F5-494F-937D-9132AC78BD35}.TestQ16-HDRI|Any CPU.ActiveCfg = Store|x64
		{17975A5B-67F5-494F-937D-9132AC78BD35}.TestQ16-HDRI|Any CPU.Build.0 = Store|x64
		{17975A5B-67F5-494F-937D-9132AC78BD35}.TestQ16-HDRI|Any CPU.Deploy.0 = Store|x64
		{17975A5B-67F5-494F-937D-9132AC78BD35}.TestQ16-HDRI|ARM.ActiveCfg = Store|ARM
		{17975A5B-67F5-494F-937D-9132AC78BD35}.TestQ16-HDRI|ARM.Build.0 = Store|ARM
		{17975A5B-67F5-494F-937D-9132AC78BD35}.TestQ16-HDRI|ARM.Deploy.0 = Store|ARM
		{17975A5B-67F5-494F-937D-9132AC78BD35}.TestQ16-HDRI|ARM64.ActiveCfg = Store|x64
		{17975A5B-67F5-494F-937D-9132AC78BD35}.TestQ16-HDRI|ARM64.Build.0 = Store|x64
		{17975A5B-67F5-494F-937D-9132AC78BD35}.TestQ16-HDRI|ARM64.Deploy.0 = Store|x64
		{17975A5B-67F5-494F-937D-9132AC78BD35}.TestQ16-HDRI|x64.ActiveCfg = Store|x64
		{17975A5B-67F5-494F-937D-9132AC78BD35}.TestQ16-HDRI|x64.Build.0 = Store|x64
		{17975A5B-67F5-494F-937D-9132AC78BD35}.TestQ16-HDRI|x64.Deploy.0 = Store|x64
		{17975A5B-67F5-494F-937D-9132AC78BD35}.TestQ16-HDRI|x86.ActiveCfg = Store|x86
		{17975A5B-67F5-494F-937D-9132AC78BD35}.TestQ16-HDRI|x86.Build.0 = Store|x86
		{17975A5B-67F5-494F-937D-9132AC78BD35}.TestQ16-HDRI|x86.Deploy.0 = Store|x86
		{17975A5B-67F5-494F-937D-9132AC78BD35}.TestQ16-HDRI-OpenMP|Any CPU.ActiveCfg = Store|x64
		{17975A5B-67F5-494F-937D-9132AC78BD35}.TestQ16-HDRI-OpenMP|Any CPU.Build.0 = Store|x64
		{17975A5B-67F5-494F-937D-9132AC78BD35}.TestQ16-HDRI-OpenMP|Any CPU.Deploy.0 = Store|x64
		{17975A5B-67F5-494F-937D-9132AC78BD35}.TestQ16-HDRI-OpenMP|ARM.ActiveCfg = Store|ARM
		{17975A5B-67F5-494F-937D-9132AC78BD35}.TestQ16-HDRI-OpenMP|ARM.Build.0 = Store|ARM
		{17975A5B-67F5-494F-937D-9132AC78BD35}.TestQ16-HDRI-OpenMP|ARM.Deploy.0 = Store|ARM
		{17975A5B-67F5-494F-937D-9132AC78BD35}.TestQ16-HDRI-OpenMP|ARM64.ActiveCfg = Store|x64
		{17975A5B-67F5-494F-937D-9132AC78BD35}.TestQ16-HDRI-OpenMP|ARM64.Build.0 = Store|x64
		{17975A5B-67F5-494F-937D-9132AC78BD35}.TestQ16-HDRI-OpenMP|ARM64.Deploy.0 = Store|x64
		{17975A5B-67F5-494F-937D-9132AC78BD35}.TestQ16-HDRI-OpenMP|x64.ActiveCfg = Store|x64
		{17975A5B-67F5-494F-937D-9132AC78BD35}.TestQ16-HDRI-OpenMP|x64.Build.0 = Store|x64
		{17975A5B-67F5-494F-937D-9132AC78BD35}.TestQ16-HDRI-OpenMP|x64.Deploy.0 = Store|x64
		{17975A5B-67F5-494F-937D-9132AC78BD35}.TestQ16-HDRI-OpenMP|x86.ActiveCfg = Store|x86
		{17975A5B-67F5-494F-937D-9132AC78BD35}.TestQ16-HDRI-OpenMP|x86.Build.0 = Store|x86
		{17975A5B-67F5-494F-937D-9132AC78BD35}.TestQ16-HDRI-OpenMP|x86.Deploy.0 = Store|x86
		{17975A5B-67F5-494F-937D-9132AC78BD35}.TestQ16-OpenMP|Any CPU.ActiveCfg = Store|x64
		{17975A5B-67F5-494F-937D-9132AC78BD35}.TestQ16-OpenMP|Any CPU.Build.0 = Store|x64
		{17975A5B-67F5-494F-937D-9132AC78BD35}.TestQ16-OpenMP|Any CPU.Deploy.0 = Store|x64
		{17975A5B-67F5-494F-937D-9132AC78BD35}.TestQ16-OpenMP|ARM.ActiveCfg = Store|ARM
		{17975A5B-67F5-494F-937D-9132AC78BD35}.TestQ16-OpenMP|ARM.Build.0 = Store|ARM
		{17975A5B-67F5-494F-937D-9132AC78BD35}.TestQ16-OpenMP|ARM.Deploy.0 = Store|ARM
		{17975A5B-67F5-494F-937D-9132AC78BD35}.TestQ16-OpenMP|ARM64.ActiveCfg = Store|x64
		{17975A5B-67F5-494F-937D-9132AC78BD35}.TestQ16-OpenMP|ARM64.Build.0 = Store|x64
		{17975A5B-67F5-494F-937D-9132AC78BD35}.TestQ16-OpenMP|ARM64.Deploy.0 = Store|x64
		{17975A5B-67F5-494F-937D-9132AC78BD35}.TestQ16-OpenMP|x64.ActiveCfg = Store|x64
		{17975A5B-67F5-494F-937D-9132AC78BD35}.TestQ16-OpenMP|x64.Build.0 = Store|x64
		{17975A5B-67F5-494F-937D-9132AC78BD35}.TestQ16-OpenMP|x64.Deploy.0 = Store|x64
		{17975A5B-67F5-494F-937D-9132AC78BD35}.TestQ16-OpenMP|x86.ActiveCfg = Store|x86
		{17975A5B-67F5-494F-937D-9132AC78BD35}.TestQ16-OpenMP|x86.Build.0 = Store|x86
		{17975A5B-67F5-494F-937D-9132AC78BD35}.TestQ16-OpenMP|x86.Deploy.0 = Store|x86
		{17975A5B-67F5-494F-937D-9132AC78BD35}.TestQ8|Any CPU.ActiveCfg = Store|x64
		{17975A5B-67F5-494F-937D-9132AC78BD35}.TestQ8|Any CPU.Build.0 = Store|x64
		{17975A5B-67F5-494F-937D-9132AC78BD35}.TestQ8|Any CPU.Deploy.0 = Store|x64
		{17975A5B-67F5-494F-937D-9132AC78BD35}.TestQ8|ARM.ActiveCfg = Store|ARM
		{17975A5B-67F5-494F-937D-9132AC78BD35}.TestQ8|ARM.Build.0 = Store|ARM
		{17975A5B-67F5-494F-937D-9132AC78BD35}.TestQ8|ARM.Deploy.0 = Store|ARM
		{17975A5B-67F5-494F-937D-9132AC78BD35}.TestQ8|ARM64.ActiveCfg = Store|x64
		{17975A5B-67F5-494F-937D-9132AC78BD35}.TestQ8|ARM64.Build.0 = Store|x64
		{17975A5B-67F5-494F-937D-9132AC78BD35}.TestQ8|ARM64.Deploy.0 = Store|x64
		{17975A5B-67F5-494F-937D-9132AC78BD35}.TestQ8|x64.ActiveCfg = Store|x64
		{17975A5B-67F5-494F-937D-9132AC78BD35}.TestQ8|x64.Build.0 = Store|x64
		{17975A5B-67F5-494F-937D-9132AC78BD35}.TestQ8|x64.Deploy.0 = Store|x64
		{17975A5B-67F5-494F-937D-9132AC78BD35}.TestQ8|x86.ActiveCfg = Store|x86
		{17975A5B-67F5-494F-937D-9132AC78BD35}.TestQ8|x86.Build.0 = Store|x86
		{17975A5B-67F5-494F-937D-9132AC78BD35}.TestQ8|x86.Deploy.0 = Store|x86
		{17975A5B-67F5-494F-937D-9132AC78BD35}.TestQ8-OpenMP|Any CPU.ActiveCfg = Store|x64
		{17975A5B-67F5-494F-937D-9132AC78BD35}.TestQ8-OpenMP|Any CPU.Build.0 = Store|x64
		{17975A5B-67F5-494F-937D-9132AC78BD35}.TestQ8-OpenMP|Any CPU.Deploy.0 = Store|x64
		{17975A5B-67F5-494F-937D-9132AC78BD35}.TestQ8-OpenMP|ARM.ActiveCfg = Store|ARM
		{17975A5B-67F5-494F-937D-9132AC78BD35}.TestQ8-OpenMP|ARM.Build.0 = Store|ARM
		{17975A5B-67F5-494F-937D-9132AC78BD35}.TestQ8-OpenMP|ARM.Deploy.0 = Store|ARM
		{17975A5B-67F5-494F-937D-9132AC78BD35}.TestQ8-OpenMP|ARM64.ActiveCfg = Store|x64
		{17975A5B-67F5-494F-937D-9132AC78BD35}.TestQ8-OpenMP|ARM64.Build.0 = Store|x64
		{17975A5B-67F5-494F-937D-9132AC78BD35}.TestQ8-OpenMP|ARM64.Deploy.0 = Store|x64
		{17975A5B-67F5-494F-937D-9132AC78BD35}.TestQ8-OpenMP|x64.ActiveCfg = Store|x64
		{17975A5B-67F5-494F-937D-9132AC78BD35}.TestQ8-OpenMP|x64.Build.0 = Store|x64
		{17975A5B-67F5-494F-937D-9132AC78BD35}.TestQ8-OpenMP|x64.Deploy.0 = Store|x64
		{17975A5B-67F5-494F-937D-9132AC78BD35}.TestQ8-OpenMP|x86.ActiveCfg = Store|x86
		{17975A5B-67F5-494F-937D-9132AC78BD35}.TestQ8-OpenMP|x86.Build.0 = Store|x86
		{17975A5B-67F5-494F-937D-9132AC78BD35}.TestQ8-OpenMP|x86.Deploy.0 = Store|x86
		{0E82EE5A-B44A-4B8B-928A-A981C2CF8917}.Debug|Any CPU.ActiveCfg = Debug|Win32
		{0E82EE5A-B44A-4B8B-928A-A981C2CF8917}.Debug|ARM.ActiveCfg = Debug|ARM
		{0E82EE5A-B44A-4B8B-928A-A981C2CF8917}.Debug|ARM.Build.0 = Debug|ARM
		{0E82EE5A-B44A-4B8B-928A-A981C2CF8917}.Debug|ARM64.ActiveCfg = Debug|Win32
		{0E82EE5A-B44A-4B8B-928A-A981C2CF8917}.Debug|x64.ActiveCfg = Debug|x64
		{0E82EE5A-B44A-4B8B-928A-A981C2CF8917}.Debug|x64.Build.0 = Debug|x64
		{0E82EE5A-B44A-4B8B-928A-A981C2CF8917}.Debug|x86.ActiveCfg = Debug|Win32
		{0E82EE5A-B44A-4B8B-928A-A981C2CF8917}.Debug|x86.Build.0 = Debug|Win32
		{0E82EE5A-B44A-4B8B-928A-A981C2CF8917}.DebugQ16|Any CPU.ActiveCfg = Debug|x64
		{0E82EE5A-B44A-4B8B-928A-A981C2CF8917}.DebugQ16|Any CPU.Build.0 = Debug|x64
		{0E82EE5A-B44A-4B8B-928A-A981C2CF8917}.DebugQ16|ARM.ActiveCfg = Debug|ARM
		{0E82EE5A-B44A-4B8B-928A-A981C2CF8917}.DebugQ16|ARM.Build.0 = Debug|ARM
		{0E82EE5A-B44A-4B8B-928A-A981C2CF8917}.DebugQ16|ARM64.ActiveCfg = Debug|x64
		{0E82EE5A-B44A-4B8B-928A-A981C2CF8917}.DebugQ16|ARM64.Build.0 = Debug|x64
		{0E82EE5A-B44A-4B8B-928A-A981C2CF8917}.DebugQ16|x64.ActiveCfg = Debug|x64
		{0E82EE5A-B44A-4B8B-928A-A981C2CF8917}.DebugQ16|x64.Build.0 = Debug|x64
		{0E82EE5A-B44A-4B8B-928A-A981C2CF8917}.DebugQ16|x86.ActiveCfg = Debug|Win32
		{0E82EE5A-B44A-4B8B-928A-A981C2CF8917}.DebugQ16|x86.Build.0 = Debug|Win32
		{0E82EE5A-B44A-4B8B-928A-A981C2CF8917}.DebugQ16-HDRI|Any CPU.ActiveCfg = Debug|x64
		{0E82EE5A-B44A-4B8B-928A-A981C2CF8917}.DebugQ16-HDRI|Any CPU.Build.0 = Debug|x64
		{0E82EE5A-B44A-4B8B-928A-A981C2CF8917}.DebugQ16-HDRI|ARM.ActiveCfg = Debug|ARM
		{0E82EE5A-B44A-4B8B-928A-A981C2CF8917}.DebugQ16-HDRI|ARM.Build.0 = Debug|ARM
		{0E82EE5A-B44A-4B8B-928A-A981C2CF8917}.DebugQ16-HDRI|ARM64.ActiveCfg = Debug|x64
		{0E82EE5A-B44A-4B8B-928A-A981C2CF8917}.DebugQ16-HDRI|ARM64.Build.0 = Debug|x64
		{0E82EE5A-B44A-4B8B-928A-A981C2CF8917}.DebugQ16-HDRI|x64.ActiveCfg = Debug|x64
		{0E82EE5A-B44A-4B8B-928A-A981C2CF8917}.DebugQ16-HDRI|x64.Build.0 = Debug|x64
		{0E82EE5A-B44A-4B8B-928A-A981C2CF8917}.DebugQ16-HDRI|x86.ActiveCfg = Debug|Win32
		{0E82EE5A-B44A-4B8B-928A-A981C2CF8917}.DebugQ16-HDRI|x86.Build.0 = Debug|Win32
		{0E82EE5A-B44A-4B8B-928A-A981C2CF8917}.DebugQ8|Any CPU.ActiveCfg = Debug|x64
		{0E82EE5A-B44A-4B8B-928A-A981C2CF8917}.DebugQ8|Any CPU.Build.0 = Debug|x64
		{0E82EE5A-B44A-4B8B-928A-A981C2CF8917}.DebugQ8|ARM.ActiveCfg = Debug|ARM
		{0E82EE5A-B44A-4B8B-928A-A981C2CF8917}.DebugQ8|ARM.Build.0 = Debug|ARM
		{0E82EE5A-B44A-4B8B-928A-A981C2CF8917}.DebugQ8|ARM64.ActiveCfg = Debug|x64
		{0E82EE5A-B44A-4B8B-928A-A981C2CF8917}.DebugQ8|ARM64.Build.0 = Debug|x64
		{0E82EE5A-B44A-4B8B-928A-A981C2CF8917}.DebugQ8|x64.ActiveCfg = Debug|x64
		{0E82EE5A-B44A-4B8B-928A-A981C2CF8917}.DebugQ8|x64.Build.0 = Debug|x64
		{0E82EE5A-B44A-4B8B-928A-A981C2CF8917}.DebugQ8|x86.ActiveCfg = Debug|Win32
		{0E82EE5A-B44A-4B8B-928A-A981C2CF8917}.DebugQ8|x86.Build.0 = Debug|Win32
		{0E82EE5A-B44A-4B8B-928A-A981C2CF8917}.Release|Any CPU.ActiveCfg = Release|Win32
		{0E82EE5A-B44A-4B8B-928A-A981C2CF8917}.Release|ARM.ActiveCfg = Release|ARM
		{0E82EE5A-B44A-4B8B-928A-A981C2CF8917}.Release|ARM.Build.0 = Release|ARM
		{0E82EE5A-B44A-4B8B-928A-A981C2CF8917}.Release|ARM64.ActiveCfg = Release|Win32
		{0E82EE5A-B44A-4B8B-928A-A981C2CF8917}.Release|x64.ActiveCfg = Release|x64
		{0E82EE5A-B44A-4B8B-928A-A981C2CF8917}.Release|x64.Build.0 = Release|x64
		{0E82EE5A-B44A-4B8B-928A-A981C2CF8917}.Release|x86.ActiveCfg = Release|Win32
		{0E82EE5A-B44A-4B8B-928A-A981C2CF8917}.Release|x86.Build.0 = Release|Win32
		{0E82EE5A-B44A-4B8B-928A-A981C2CF8917}.ReleaseQ16|Any CPU.ActiveCfg = Release|x64
		{0E82EE5A-B44A-4B8B-928A-A981C2CF8917}.ReleaseQ16|Any CPU.Build.0 = Release|x64
		{0E82EE5A-B44A-4B8B-928A-A981C2CF8917}.ReleaseQ16|ARM.ActiveCfg = Release|ARM
		{0E82EE5A-B44A-4B8B-928A-A981C2CF8917}.ReleaseQ16|ARM.Build.0 = Release|ARM
		{0E82EE5A-B44A-4B8B-928A-A981C2CF8917}.ReleaseQ16|ARM64.ActiveCfg = Release|x64
		{0E82EE5A-B44A-4B8B-928A-A981C2CF8917}.ReleaseQ16|ARM64.Build.0 = Release|x64
		{0E82EE5A-B44A-4B8B-928A-A981C2CF8917}.ReleaseQ16|x64.ActiveCfg = Release|x64
		{0E82EE5A-B44A-4B8B-928A-A981C2CF8917}.ReleaseQ16|x64.Build.0 = Release|x64
		{0E82EE5A-B44A-4B8B-928A-A981C2CF8917}.ReleaseQ16|x86.ActiveCfg = Release|Win32
		{0E82EE5A-B44A-4B8B-928A-A981C2CF8917}.ReleaseQ16|x86.Build.0 = Release|Win32
		{0E82EE5A-B44A-4B8B-928A-A981C2CF8917}.ReleaseQ16-HDRI|Any CPU.ActiveCfg = Release|x64
		{0E82EE5A-B44A-4B8B-928A-A981C2CF8917}.ReleaseQ16-HDRI|Any CPU.Build.0 = Release|x64
		{0E82EE5A-B44A-4B8B-928A-A981C2CF8917}.ReleaseQ16-HDRI|ARM.ActiveCfg = Release|ARM
		{0E82EE5A-B44A-4B8B-928A-A981C2CF8917}.ReleaseQ16-HDRI|ARM.Build.0 = Release|ARM
		{0E82EE5A-B44A-4B8B-928A-A981C2CF8917}.ReleaseQ16-HDRI|ARM64.ActiveCfg = Release|x64
		{0E82EE5A-B44A-4B8B-928A-A981C2CF8917}.ReleaseQ16-HDRI|ARM64.Build.0 = Release|x64
		{0E82EE5A-B44A-4B8B-928A-A981C2CF8917}.ReleaseQ16-HDRI|x64.ActiveCfg = Release|x64
		{0E82EE5A-B44A-4B8B-928A-A981C2CF8917}.ReleaseQ16-HDRI|x64.Build.0 = Release|x64
		{0E82EE5A-B44A-4B8B-928A-A981C2CF8917}.ReleaseQ16-HDRI|x86.ActiveCfg = Release|Win32
		{0E82EE5A-B44A-4B8B-928A-A981C2CF8917}.ReleaseQ16-HDRI|x86.Build.0 = Release|Win32
		{0E82EE5A-B44A-4B8B-928A-A981C2CF8917}.ReleaseQ16-HDRI-OpenMP|Any CPU.ActiveCfg = Release|x64
		{0E82EE5A-B44A-4B8B-928A-A981C2CF8917}.ReleaseQ16-HDRI-OpenMP|Any CPU.Build.0 = Release|x64
		{0E82EE5A-B44A-4B8B-928A-A981C2CF8917}.ReleaseQ16-HDRI-OpenMP|ARM.ActiveCfg = Release|ARM
		{0E82EE5A-B44A-4B8B-928A-A981C2CF8917}.ReleaseQ16-HDRI-OpenMP|ARM.Build.0 = Release|ARM
		{0E82EE5A-B44A-4B8B-928A-A981C2CF8917}.ReleaseQ16-HDRI-OpenMP|ARM64.ActiveCfg = Release|x64
		{0E82EE5A-B44A-4B8B-928A-A981C2CF8917}.ReleaseQ16-HDRI-OpenMP|ARM64.Build.0 = Release|x64
		{0E82EE5A-B44A-4B8B-928A-A981C2CF8917}.ReleaseQ16-HDRI-OpenMP|x64.ActiveCfg = Release|x64
		{0E82EE5A-B44A-4B8B-928A-A981C2CF8917}.ReleaseQ16-HDRI-OpenMP|x64.Build.0 = Release|x64
		{0E82EE5A-B44A-4B8B-928A-A981C2CF8917}.ReleaseQ16-HDRI-OpenMP|x86.ActiveCfg = Release|Win32
		{0E82EE5A-B44A-4B8B-928A-A981C2CF8917}.ReleaseQ16-HDRI-OpenMP|x86.Build.0 = Release|Win32
		{0E82EE5A-B44A-4B8B-928A-A981C2CF8917}.ReleaseQ16-OpenMP|Any CPU.ActiveCfg = Release|x64
		{0E82EE5A-B44A-4B8B-928A-A981C2CF8917}.ReleaseQ16-OpenMP|Any CPU.Build.0 = Release|x64
		{0E82EE5A-B44A-4B8B-928A-A981C2CF8917}.ReleaseQ16-OpenMP|ARM.ActiveCfg = Release|ARM
		{0E82EE5A-B44A-4B8B-928A-A981C2CF8917}.ReleaseQ16-OpenMP|ARM.Build.0 = Release|ARM
		{0E82EE5A-B44A-4B8B-928A-A981C2CF8917}.ReleaseQ16-OpenMP|ARM64.ActiveCfg = Release|x64
		{0E82EE5A-B44A-4B8B-928A-A981C2CF8917}.ReleaseQ16-OpenMP|ARM64.Build.0 = Release|x64
		{0E82EE5A-B44A-4B8B-928A-A981C2CF8917}.ReleaseQ16-OpenMP|x64.ActiveCfg = Release|x64
		{0E82EE5A-B44A-4B8B-928A-A981C2CF8917}.ReleaseQ16-OpenMP|x64.Build.0 = Release|x64
		{0E82EE5A-B44A-4B8B-928A-A981C2CF8917}.ReleaseQ16-OpenMP|x86.ActiveCfg = Release|Win32
		{0E82EE5A-B44A-4B8B-928A-A981C2CF8917}.ReleaseQ16-OpenMP|x86.Build.0 = Release|Win32
		{0E82EE5A-B44A-4B8B-928A-A981C2CF8917}.ReleaseQ8|Any CPU.ActiveCfg = Release|x64
		{0E82EE5A-B44A-4B8B-928A-A981C2CF8917}.ReleaseQ8|Any CPU.Build.0 = Release|x64
		{0E82EE5A-B44A-4B8B-928A-A981C2CF8917}.ReleaseQ8|ARM.ActiveCfg = Release|ARM
		{0E82EE5A-B44A-4B8B-928A-A981C2CF8917}.ReleaseQ8|ARM.Build.0 = Release|ARM
		{0E82EE5A-B44A-4B8B-928A-A981C2CF8917}.ReleaseQ8|ARM64.ActiveCfg = Release|x64
		{0E82EE5A-B44A-4B8B-928A-A981C2CF8917}.ReleaseQ8|ARM64.Build.0 = Release|x64
		{0E82EE5A-B44A-4B8B-928A-A981C2CF8917}.ReleaseQ8|x64.ActiveCfg = Release|x64
		{0E82EE5A-B44A-4B8B-928A-A981C2CF8917}.ReleaseQ8|x64.Build.0 = Release|x64
		{0E82EE5A-B44A-4B8B-928A-A981C2CF8917}.ReleaseQ8|x86.ActiveCfg = Release|Win32
		{0E82EE5A-B44A-4B8B-928A-A981C2CF8917}.ReleaseQ8|x86.Build.0 = Release|Win32
		{0E82EE5A-B44A-4B8B-928A-A981C2CF8917}.ReleaseQ8-OpenMP|Any CPU.ActiveCfg = Release|x64
		{0E82EE5A-B44A-4B8B-928A-A981C2CF8917}.ReleaseQ8-OpenMP|Any CPU.Build.0 = Release|x64
		{0E82EE5A-B44A-4B8B-928A-A981C2CF8917}.ReleaseQ8-OpenMP|ARM.ActiveCfg = Release|ARM
		{0E82EE5A-B44A-4B8B-928A-A981C2CF8917}.ReleaseQ8-OpenMP|ARM.Build.0 = Release|ARM
		{0E82EE5A-B44A-4B8B-928A-A981C2CF8917}.ReleaseQ8-OpenMP|ARM64.ActiveCfg = Release|x64
		{0E82EE5A-B44A-4B8B-928A-A981C2CF8917}.ReleaseQ8-OpenMP|ARM64.Build.0 = Release|x64
		{0E82EE5A-B44A-4B8B-928A-A981C2CF8917}.ReleaseQ8-OpenMP|x64.ActiveCfg = Release|x64
		{0E82EE5A-B44A-4B8B-928A-A981C2CF8917}.ReleaseQ8-OpenMP|x64.Build.0 = Release|x64
		{0E82EE5A-B44A-4B8B-928A-A981C2CF8917}.ReleaseQ8-OpenMP|x86.ActiveCfg = Release|Win32
		{0E82EE5A-B44A-4B8B-928A-A981C2CF8917}.ReleaseQ8-OpenMP|x86.Build.0 = Release|Win32
		{0E82EE5A-B44A-4B8B-928A-A981C2CF8917}.Test|Any CPU.ActiveCfg = Store|x64
		{0E82EE5A-B44A-4B8B-928A-A981C2CF8917}.Test|Any CPU.Build.0 = Store|x64
		{0E82EE5A-B44A-4B8B-928A-A981C2CF8917}.Test|Any CPU.Deploy.0 = Store|x64
		{0E82EE5A-B44A-4B8B-928A-A981C2CF8917}.Test|ARM.ActiveCfg = Store|ARM
		{0E82EE5A-B44A-4B8B-928A-A981C2CF8917}.Test|ARM.Build.0 = Store|ARM
		{0E82EE5A-B44A-4B8B-928A-A981C2CF8917}.Test|ARM.Deploy.0 = Store|ARM
		{0E82EE5A-B44A-4B8B-928A-A981C2CF8917}.Test|ARM64.ActiveCfg = Store|x64
		{0E82EE5A-B44A-4B8B-928A-A981C2CF8917}.Test|ARM64.Build.0 = Store|x64
		{0E82EE5A-B44A-4B8B-928A-A981C2CF8917}.Test|ARM64.Deploy.0 = Store|x64
		{0E82EE5A-B44A-4B8B-928A-A981C2CF8917}.Test|x64.ActiveCfg = Store|x64
		{0E82EE5A-B44A-4B8B-928A-A981C2CF8917}.Test|x64.Build.0 = Store|x64
		{0E82EE5A-B44A-4B8B-928A-A981C2CF8917}.Test|x64.Deploy.0 = Store|x64
		{0E82EE5A-B44A-4B8B-928A-A981C2CF8917}.Test|x86.ActiveCfg = Store|Win32
		{0E82EE5A-B44A-4B8B-928A-A981C2CF8917}.Test|x86.Build.0 = Store|Win32
		{0E82EE5A-B44A-4B8B-928A-A981C2CF8917}.Test|x86.Deploy.0 = Store|Win32
		{0E82EE5A-B44A-4B8B-928A-A981C2CF8917}.TestQ16|Any CPU.ActiveCfg = Store|x64
		{0E82EE5A-B44A-4B8B-928A-A981C2CF8917}.TestQ16|Any CPU.Build.0 = Store|x64
		{0E82EE5A-B44A-4B8B-928A-A981C2CF8917}.TestQ16|Any CPU.Deploy.0 = Store|x64
		{0E82EE5A-B44A-4B8B-928A-A981C2CF8917}.TestQ16|ARM.ActiveCfg = Store|ARM
		{0E82EE5A-B44A-4B8B-928A-A981C2CF8917}.TestQ16|ARM.Build.0 = Store|ARM
		{0E82EE5A-B44A-4B8B-928A-A981C2CF8917}.TestQ16|ARM.Deploy.0 = Store|ARM
		{0E82EE5A-B44A-4B8B-928A-A981C2CF8917}.TestQ16|ARM64.ActiveCfg = Store|x64
		{0E82EE5A-B44A-4B8B-928A-A981C2CF8917}.TestQ16|ARM64.Build.0 = Store|x64
		{0E82EE5A-B44A-4B8B-928A-A981C2CF8917}.TestQ16|ARM64.Deploy.0 = Store|x64
		{0E82EE5A-B44A-4B8B-928A-A981C2CF8917}.TestQ16|x64.ActiveCfg = Store|x64
		{0E82EE5A-B44A-4B8B-928A-A981C2CF8917}.TestQ16|x64.Build.0 = Store|x64
		{0E82EE5A-B44A-4B8B-928A-A981C2CF8917}.TestQ16|x64.Deploy.0 = Store|x64
		{0E82EE5A-B44A-4B8B-928A-A981C2CF8917}.TestQ16|x86.ActiveCfg = Store|Win32
		{0E82EE5A-B44A-4B8B-928A-A981C2CF8917}.TestQ16|x86.Build.0 = Store|Win32
		{0E82EE5A-B44A-4B8B-928A-A981C2CF8917}.TestQ16|x86.Deploy.0 = Store|Win32
		{0E82EE5A-B44A-4B8B-928A-A981C2CF8917}.TestQ16-HDRI|Any CPU.ActiveCfg = Store|x64
		{0E82EE5A-B44A-4B8B-928A-A981C2CF8917}.TestQ16-HDRI|Any CPU.Build.0 = Store|x64
		{0E82EE5A-B44A-4B8B-928A-A981C2CF8917}.TestQ16-HDRI|Any CPU.Deploy.0 = Store|x64
		{0E82EE5A-B44A-4B8B-928A-A981C2CF8917}.TestQ16-HDRI|ARM.ActiveCfg = Store|ARM
		{0E82EE5A-B44A-4B8B-928A-A981C2CF8917}.TestQ16-HDRI|ARM.Build.0 = Store|ARM
		{0E82EE5A-B44A-4B8B-928A-A981C2CF8917}.TestQ16-HDRI|ARM.Deploy.0 = Store|ARM
		{0E82EE5A-B44A-4B8B-928A-A981C2CF8917}.TestQ16-HDRI|ARM64.ActiveCfg = Store|x64
		{0E82EE5A-B44A-4B8B-928A-A981C2CF8917}.TestQ16-HDRI|ARM64.Build.0 = Store|x64
		{0E82EE5A-B44A-4B8B-928A-A981C2CF8917}.TestQ16-HDRI|ARM64.Deploy.0 = Store|x64
		{0E82EE5A-B44A-4B8B-928A-A981C2CF8917}.TestQ16-HDRI|x64.ActiveCfg = Store|x64
		{0E82EE5A-B44A-4B8B-928A-A981C2CF8917}.TestQ16-HDRI|x64.Build.0 = Store|x64
		{0E82EE5A-B44A-4B8B-928A-A981C2CF8917}.TestQ16-HDRI|x64.Deploy.0 = Store|x64
		{0E82EE5A-B44A-4B8B-928A-A981C2CF8917}.TestQ16-HDRI|x86.ActiveCfg = Store|Win32
		{0E82EE5A-B44A-4B8B-928A-A981C2CF8917}.TestQ16-HDRI|x86.Build.0 = Store|Win32
		{0E82EE5A-B44A-4B8B-928A-A981C2CF8917}.TestQ16-HDRI|x86.Deploy.0 = Store|Win32
		{0E82EE5A-B44A-4B8B-928A-A981C2CF8917}.TestQ16-HDRI-OpenMP|Any CPU.ActiveCfg = Store|x64
		{0E82EE5A-B44A-4B8B-928A-A981C2CF8917}.TestQ16-HDRI-OpenMP|Any CPU.Build.0 = Store|x64
		{0E82EE5A-B44A-4B8B-928A-A981C2CF8917}.TestQ16-HDRI-OpenMP|Any CPU.Deploy.0 = Store|x64
		{0E82EE5A-B44A-4B8B-928A-A981C2CF8917}.TestQ16-HDRI-OpenMP|ARM.ActiveCfg = Store|ARM
		{0E82EE5A-B44A-4B8B-928A-A981C2CF8917}.TestQ16-HDRI-OpenMP|ARM.Build.0 = Store|ARM
		{0E82EE5A-B44A-4B8B-928A-A981C2CF8917}.TestQ16-HDRI-OpenMP|ARM.Deploy.0 = Store|ARM
		{0E82EE5A-B44A-4B8B-928A-A981C2CF8917}.TestQ16-HDRI-OpenMP|ARM64.ActiveCfg = Store|x64
		{0E82EE5A-B44A-4B8B-928A-A981C2CF8917}.TestQ16-HDRI-OpenMP|ARM64.Build.0 = Store|x64
		{0E82EE5A-B44A-4B8B-928A-A981C2CF8917}.TestQ16-HDRI-OpenMP|ARM64.Deploy.0 = Store|x64
		{0E82EE5A-B44A-4B8B-928A-A981C2CF8917}.TestQ16-HDRI-OpenMP|x64.ActiveCfg = Store|x64
		{0E82EE5A-B44A-4B8B-928A-A981C2CF8917}.TestQ16-HDRI-OpenMP|x64.Build.0 = Store|x64
		{0E82EE5A-B44A-4B8B-928A-A981C2CF8917}.TestQ16-HDRI-OpenMP|x64.Deploy.0 = Store|x64
		{0E82EE5A-B44A-4B8B-928A-A981C2CF8917}.TestQ16-HDRI-OpenMP|x86.ActiveCfg = Store|Win32
		{0E82EE5A-B44A-4B8B-928A-A981C2CF8917}.TestQ16-HDRI-OpenMP|x86.Build.0 = Store|Win32
		{0E82EE5A-B44A-4B8B-928A-A981C2CF8917}.TestQ16-HDRI-OpenMP|x86.Deploy.0 = Store|Win32
		{0E82EE5A-B44A-4B8B-928A-A981C2CF8917}.TestQ16-OpenMP|Any CPU.ActiveCfg = Store|x64
		{0E82EE5A-B44A-4B8B-928A-A981C2CF8917}.TestQ16-OpenMP|Any CPU.Build.0 = Store|x64
		{0E82EE5A-B44A-4B8B-928A-A981C2CF8917}.TestQ16-OpenMP|Any CPU.Deploy.0 = Store|x64
		{0E82EE5A-B44A-4B8B-928A-A981C2CF8917}.TestQ16-OpenMP|ARM.ActiveCfg = Store|ARM
		{0E82EE5A-B44A-4B8B-928A-A981C2CF8917}.TestQ16-OpenMP|ARM.Build.0 = Store|ARM
		{0E82EE5A-B44A-4B8B-928A-A981C2CF8917}.TestQ16-OpenMP|ARM.Deploy.0 = Store|ARM
		{0E82EE5A-B44A-4B8B-928A-A981C2CF8917}.TestQ16-OpenMP|ARM64.ActiveCfg = Store|x64
		{0E82EE5A-B44A-4B8B-928A-A981C2CF8917}.TestQ16-OpenMP|ARM64.Build.0 = Store|x64
		{0E82EE5A-B44A-4B8B-928A-A981C2CF8917}.TestQ16-OpenMP|ARM64.Deploy.0 = Store|x64
		{0E82EE5A-B44A-4B8B-928A-A981C2CF8917}.TestQ16-OpenMP|x64.ActiveCfg = Store|x64
		{0E82EE5A-B44A-4B8B-928A-A981C2CF8917}.TestQ16-OpenMP|x64.Build.0 = Store|x64
		{0E82EE5A-B44A-4B8B-928A-A981C2CF8917}.TestQ16-OpenMP|x64.Deploy.0 = Store|x64
		{0E82EE5A-B44A-4B8B-928A-A981C2CF8917}.TestQ16-OpenMP|x86.ActiveCfg = Store|Win32
		{0E82EE5A-B44A-4B8B-928A-A981C2CF8917}.TestQ16-OpenMP|x86.Build.0 = Store|Win32
		{0E82EE5A-B44A-4B8B-928A-A981C2CF8917}.TestQ16-OpenMP|x86.Deploy.0 = Store|Win32
		{0E82EE5A-B44A-4B8B-928A-A981C2CF8917}.TestQ8|Any CPU.ActiveCfg = Store|x64
		{0E82EE5A-B44A-4B8B-928A-A981C2CF8917}.TestQ8|Any CPU.Build.0 = Store|x64
		{0E82EE5A-B44A-4B8B-928A-A981C2CF8917}.TestQ8|Any CPU.Deploy.0 = Store|x64
		{0E82EE5A-B44A-4B8B-928A-A981C2CF8917}.TestQ8|ARM.ActiveCfg = Store|ARM
		{0E82EE5A-B44A-4B8B-928A-A981C2CF8917}.TestQ8|ARM.Build.0 = Store|ARM
		{0E82EE5A-B44A-4B8B-928A-A981C2CF8917}.TestQ8|ARM.Deploy.0 = Store|ARM
		{0E82EE5A-B44A-4B8B-928A-A981C2CF8917}.TestQ8|ARM64.ActiveCfg = Store|x64
		{0E82EE5A-B44A-4B8B-928A-A981C2CF8917}.TestQ8|ARM64.Build.0 = Store|x64
		{0E82EE5A-B44A-4B8B-928A-A981C2CF8917}.TestQ8|ARM64.Deploy.0 = Store|x64
		{0E82EE5A-B44A-4B8B-928A-A981C2CF8917}.TestQ8|x64.ActiveCfg = Store|x64
		{0E82EE5A-B44A-4B8B-928A-A981C2CF8917}.TestQ8|x64.Build.0 = Store|x64
		{0E82EE5A-B44A-4B8B-928A-A981C2CF8917}.TestQ8|x64.Deploy.0 = Store|x64
		{0E82EE5A-B44A-4B8B-928A-A981C2CF8917}.TestQ8|x86.ActiveCfg = Store|Win32
		{0E82EE5A-B44A-4B8B-928A-A981C2CF8917}.TestQ8|x86.Build.0 = Store|Win32
		{0E82EE5A-B44A-4B8B-928A-A981C2CF8917}.TestQ8|x86.Deploy.0 = Store|Win32
		{0E82EE5A-B44A-4B8B-928A-A981C2CF8917}.TestQ8-OpenMP|Any CPU.ActiveCfg = Store|x64
		{0E82EE5A-B44A-4B8B-928A-A981C2CF8917}.TestQ8-OpenMP|Any CPU.Build.0 = Store|x64
		{0E82EE5A-B44A-4B8B-928A-A981C2CF8917}.TestQ8-OpenMP|Any CPU.Deploy.0 = Store|x64
		{0E82EE5A-B44A-4B8B-928A-A981C2CF8917}.TestQ8-OpenMP|ARM.ActiveCfg = Store|ARM
		{0E82EE5A-B44A-4B8B-928A-A981C2CF8917}.TestQ8-OpenMP|ARM.Build.0 = Store|ARM
		{0E82EE5A-B44A-4B8B-928A-A981C2CF8917}.TestQ8-OpenMP|ARM.Deploy.0 = Store|ARM
		{0E82EE5A-B44A-4B8B-928A-A981C2CF8917}.TestQ8-OpenMP|ARM64.ActiveCfg = Store|x64
		{0E82EE5A-B44A-4B8B-928A-A981C2CF8917}.TestQ8-OpenMP|ARM64.Build.0 = Store|x64
		{0E82EE5A-B44A-4B8B-928A-A981C2CF8917}.TestQ8-OpenMP|ARM64.Deploy.0 = Store|x64
		{0E82EE5A-B44A-4B8B-928A-A981C2CF8917}.TestQ8-OpenMP|x64.ActiveCfg = Store|x64
		{0E82EE5A-B44A-4B8B-928A-A981C2CF8917}.TestQ8-OpenMP|x64.Build.0 = Store|x64
		{0E82EE5A-B44A-4B8B-928A-A981C2CF8917}.TestQ8-OpenMP|x64.Deploy.0 = Store|x64
		{0E82EE5A-B44A-4B8B-928A-A981C2CF8917}.TestQ8-OpenMP|x86.ActiveCfg = Store|Win32
		{0E82EE5A-B44A-4B8B-928A-A981C2CF8917}.TestQ8-OpenMP|x86.Build.0 = Store|Win32
		{0E82EE5A-B44A-4B8B-928A-A981C2CF8917}.TestQ8-OpenMP|x86.Deploy.0 = Store|Win32
		{25794655-506D-4192-A5F0-F1DF48CA42AE}.Debug|Any CPU.ActiveCfg = Debug|Any CPU
		{25794655-506D-4192-A5F0-F1DF48CA42AE}.Debug|Any CPU.Build.0 = Debug|Any CPU
		{25794655-506D-4192-A5F0-F1DF48CA42AE}.Debug|ARM.ActiveCfg = Debug|Any CPU
		{25794655-506D-4192-A5F0-F1DF48CA42AE}.Debug|ARM.Build.0 = Debug|Any CPU
		{25794655-506D-4192-A5F0-F1DF48CA42AE}.Debug|ARM64.ActiveCfg = Debug|Any CPU
		{25794655-506D-4192-A5F0-F1DF48CA42AE}.Debug|ARM64.Build.0 = Debug|Any CPU
		{25794655-506D-4192-A5F0-F1DF48CA42AE}.Debug|x64.ActiveCfg = Debug|x64
		{25794655-506D-4192-A5F0-F1DF48CA42AE}.Debug|x64.Build.0 = Debug|x64
		{25794655-506D-4192-A5F0-F1DF48CA42AE}.Debug|x86.ActiveCfg = Debug|x86
		{25794655-506D-4192-A5F0-F1DF48CA42AE}.Debug|x86.Build.0 = Debug|x86
		{25794655-506D-4192-A5F0-F1DF48CA42AE}.DebugQ16|Any CPU.ActiveCfg = Debug|Any CPU
		{25794655-506D-4192-A5F0-F1DF48CA42AE}.DebugQ16|Any CPU.Build.0 = Debug|Any CPU
		{25794655-506D-4192-A5F0-F1DF48CA42AE}.DebugQ16|ARM.ActiveCfg = Debug|Any CPU
		{25794655-506D-4192-A5F0-F1DF48CA42AE}.DebugQ16|ARM.Build.0 = Debug|Any CPU
		{25794655-506D-4192-A5F0-F1DF48CA42AE}.DebugQ16|ARM64.ActiveCfg = Debug|Any CPU
		{25794655-506D-4192-A5F0-F1DF48CA42AE}.DebugQ16|ARM64.Build.0 = Debug|Any CPU
		{25794655-506D-4192-A5F0-F1DF48CA42AE}.DebugQ16|x64.ActiveCfg = Debug|x64
		{25794655-506D-4192-A5F0-F1DF48CA42AE}.DebugQ16|x64.Build.0 = Debug|x64
		{25794655-506D-4192-A5F0-F1DF48CA42AE}.DebugQ16|x86.ActiveCfg = Debug|x86
		{25794655-506D-4192-A5F0-F1DF48CA42AE}.DebugQ16|x86.Build.0 = Debug|x86
		{25794655-506D-4192-A5F0-F1DF48CA42AE}.DebugQ16-HDRI|Any CPU.ActiveCfg = Debug|Any CPU
		{25794655-506D-4192-A5F0-F1DF48CA42AE}.DebugQ16-HDRI|Any CPU.Build.0 = Debug|Any CPU
		{25794655-506D-4192-A5F0-F1DF48CA42AE}.DebugQ16-HDRI|ARM.ActiveCfg = Debug|Any CPU
		{25794655-506D-4192-A5F0-F1DF48CA42AE}.DebugQ16-HDRI|ARM.Build.0 = Debug|Any CPU
		{25794655-506D-4192-A5F0-F1DF48CA42AE}.DebugQ16-HDRI|ARM64.ActiveCfg = Debug|Any CPU
		{25794655-506D-4192-A5F0-F1DF48CA42AE}.DebugQ16-HDRI|ARM64.Build.0 = Debug|Any CPU
		{25794655-506D-4192-A5F0-F1DF48CA42AE}.DebugQ16-HDRI|x64.ActiveCfg = Debug|x64
		{25794655-506D-4192-A5F0-F1DF48CA42AE}.DebugQ16-HDRI|x64.Build.0 = Debug|x64
		{25794655-506D-4192-A5F0-F1DF48CA42AE}.DebugQ16-HDRI|x86.ActiveCfg = Debug|x86
		{25794655-506D-4192-A5F0-F1DF48CA42AE}.DebugQ16-HDRI|x86.Build.0 = Debug|x86
		{25794655-506D-4192-A5F0-F1DF48CA42AE}.DebugQ8|Any CPU.ActiveCfg = Debug|Any CPU
		{25794655-506D-4192-A5F0-F1DF48CA42AE}.DebugQ8|Any CPU.Build.0 = Debug|Any CPU
		{25794655-506D-4192-A5F0-F1DF48CA42AE}.DebugQ8|ARM.ActiveCfg = Debug|Any CPU
		{25794655-506D-4192-A5F0-F1DF48CA42AE}.DebugQ8|ARM.Build.0 = Debug|Any CPU
		{25794655-506D-4192-A5F0-F1DF48CA42AE}.DebugQ8|ARM64.ActiveCfg = Debug|Any CPU
		{25794655-506D-4192-A5F0-F1DF48CA42AE}.DebugQ8|ARM64.Build.0 = Debug|Any CPU
		{25794655-506D-4192-A5F0-F1DF48CA42AE}.DebugQ8|x64.ActiveCfg = Debug|x64
		{25794655-506D-4192-A5F0-F1DF48CA42AE}.DebugQ8|x64.Build.0 = Debug|x64
		{25794655-506D-4192-A5F0-F1DF48CA42AE}.DebugQ8|x86.ActiveCfg = Debug|x86
		{25794655-506D-4192-A5F0-F1DF48CA42AE}.DebugQ8|x86.Build.0 = Debug|x86
		{25794655-506D-4192-A5F0-F1DF48CA42AE}.Release|Any CPU.ActiveCfg = Release|Any CPU
		{25794655-506D-4192-A5F0-F1DF48CA42AE}.Release|Any CPU.Build.0 = Release|Any CPU
		{25794655-506D-4192-A5F0-F1DF48CA42AE}.Release|ARM.ActiveCfg = Release|Any CPU
		{25794655-506D-4192-A5F0-F1DF48CA42AE}.Release|ARM.Build.0 = Release|Any CPU
		{25794655-506D-4192-A5F0-F1DF48CA42AE}.Release|ARM64.ActiveCfg = Release|Any CPU
		{25794655-506D-4192-A5F0-F1DF48CA42AE}.Release|ARM64.Build.0 = Release|Any CPU
		{25794655-506D-4192-A5F0-F1DF48CA42AE}.Release|x64.ActiveCfg = Release|x64
		{25794655-506D-4192-A5F0-F1DF48CA42AE}.Release|x64.Build.0 = Release|x64
		{25794655-506D-4192-A5F0-F1DF48CA42AE}.Release|x86.ActiveCfg = Release|x86
		{25794655-506D-4192-A5F0-F1DF48CA42AE}.Release|x86.Build.0 = Release|x86
		{25794655-506D-4192-A5F0-F1DF48CA42AE}.ReleaseQ16|Any CPU.ActiveCfg = Release|Any CPU
		{25794655-506D-4192-A5F0-F1DF48CA42AE}.ReleaseQ16|Any CPU.Build.0 = Release|Any CPU
		{25794655-506D-4192-A5F0-F1DF48CA42AE}.ReleaseQ16|ARM.ActiveCfg = Release|Any CPU
		{25794655-506D-4192-A5F0-F1DF48CA42AE}.ReleaseQ16|ARM.Build.0 = Release|Any CPU
		{25794655-506D-4192-A5F0-F1DF48CA42AE}.ReleaseQ16|ARM64.ActiveCfg = Release|Any CPU
		{25794655-506D-4192-A5F0-F1DF48CA42AE}.ReleaseQ16|ARM64.Build.0 = Release|Any CPU
		{25794655-506D-4192-A5F0-F1DF48CA42AE}.ReleaseQ16|x64.ActiveCfg = Release|x64
		{25794655-506D-4192-A5F0-F1DF48CA42AE}.ReleaseQ16|x64.Build.0 = Release|x64
		{25794655-506D-4192-A5F0-F1DF48CA42AE}.ReleaseQ16|x86.ActiveCfg = Release|x86
		{25794655-506D-4192-A5F0-F1DF48CA42AE}.ReleaseQ16|x86.Build.0 = Release|x86
		{25794655-506D-4192-A5F0-F1DF48CA42AE}.ReleaseQ16-HDRI|Any CPU.ActiveCfg = Release|Any CPU
		{25794655-506D-4192-A5F0-F1DF48CA42AE}.ReleaseQ16-HDRI|Any CPU.Build.0 = Release|Any CPU
		{25794655-506D-4192-A5F0-F1DF48CA42AE}.ReleaseQ16-HDRI|ARM.ActiveCfg = Release|Any CPU
		{25794655-506D-4192-A5F0-F1DF48CA42AE}.ReleaseQ16-HDRI|ARM.Build.0 = Release|Any CPU
		{25794655-506D-4192-A5F0-F1DF48CA42AE}.ReleaseQ16-HDRI|ARM64.ActiveCfg = Release|Any CPU
		{25794655-506D-4192-A5F0-F1DF48CA42AE}.ReleaseQ16-HDRI|ARM64.Build.0 = Release|Any CPU
		{25794655-506D-4192-A5F0-F1DF48CA42AE}.ReleaseQ16-HDRI|x64.ActiveCfg = Release|x64
		{25794655-506D-4192-A5F0-F1DF48CA42AE}.ReleaseQ16-HDRI|x64.Build.0 = Release|x64
		{25794655-506D-4192-A5F0-F1DF48CA42AE}.ReleaseQ16-HDRI|x86.ActiveCfg = Release|x86
		{25794655-506D-4192-A5F0-F1DF48CA42AE}.ReleaseQ16-HDRI|x86.Build.0 = Release|x86
		{25794655-506D-4192-A5F0-F1DF48CA42AE}.ReleaseQ16-HDRI-OpenMP|Any CPU.ActiveCfg = Release|Any CPU
		{25794655-506D-4192-A5F0-F1DF48CA42AE}.ReleaseQ16-HDRI-OpenMP|Any CPU.Build.0 = Release|Any CPU
		{25794655-506D-4192-A5F0-F1DF48CA42AE}.ReleaseQ16-HDRI-OpenMP|ARM.ActiveCfg = Release|Any CPU
		{25794655-506D-4192-A5F0-F1DF48CA42AE}.ReleaseQ16-HDRI-OpenMP|ARM.Build.0 = Release|Any CPU
		{25794655-506D-4192-A5F0-F1DF48CA42AE}.ReleaseQ16-HDRI-OpenMP|ARM64.ActiveCfg = Release|Any CPU
		{25794655-506D-4192-A5F0-F1DF48CA42AE}.ReleaseQ16-HDRI-OpenMP|ARM64.Build.0 = Release|Any CPU
		{25794655-506D-4192-A5F0-F1DF48CA42AE}.ReleaseQ16-HDRI-OpenMP|x64.ActiveCfg = Release|x64
		{25794655-506D-4192-A5F0-F1DF48CA42AE}.ReleaseQ16-HDRI-OpenMP|x64.Build.0 = Release|x64
		{25794655-506D-4192-A5F0-F1DF48CA42AE}.ReleaseQ16-HDRI-OpenMP|x86.ActiveCfg = Release|x86
		{25794655-506D-4192-A5F0-F1DF48CA42AE}.ReleaseQ16-HDRI-OpenMP|x86.Build.0 = Release|x86
		{25794655-506D-4192-A5F0-F1DF48CA42AE}.ReleaseQ16-OpenMP|Any CPU.ActiveCfg = Release|Any CPU
		{25794655-506D-4192-A5F0-F1DF48CA42AE}.ReleaseQ16-OpenMP|Any CPU.Build.0 = Release|Any CPU
		{25794655-506D-4192-A5F0-F1DF48CA42AE}.ReleaseQ16-OpenMP|ARM.ActiveCfg = Release|Any CPU
		{25794655-506D-4192-A5F0-F1DF48CA42AE}.ReleaseQ16-OpenMP|ARM.Build.0 = Release|Any CPU
		{25794655-506D-4192-A5F0-F1DF48CA42AE}.ReleaseQ16-OpenMP|ARM64.ActiveCfg = Release|Any CPU
		{25794655-506D-4192-A5F0-F1DF48CA42AE}.ReleaseQ16-OpenMP|ARM64.Build.0 = Release|Any CPU
		{25794655-506D-4192-A5F0-F1DF48CA42AE}.ReleaseQ16-OpenMP|x64.ActiveCfg = Release|x64
		{25794655-506D-4192-A5F0-F1DF48CA42AE}.ReleaseQ16-OpenMP|x64.Build.0 = Release|x64
		{25794655-506D-4192-A5F0-F1DF48CA42AE}.ReleaseQ16-OpenMP|x86.ActiveCfg = Release|x86
		{25794655-506D-4192-A5F0-F1DF48CA42AE}.ReleaseQ16-OpenMP|x86.Build.0 = Release|x86
		{25794655-506D-4192-A5F0-F1DF48CA42AE}.ReleaseQ8|Any CPU.ActiveCfg = Release|Any CPU
		{25794655-506D-4192-A5F0-F1DF48CA42AE}.ReleaseQ8|Any CPU.Build.0 = Release|Any CPU
		{25794655-506D-4192-A5F0-F1DF48CA42AE}.ReleaseQ8|ARM.ActiveCfg = Release|Any CPU
		{25794655-506D-4192-A5F0-F1DF48CA42AE}.ReleaseQ8|ARM.Build.0 = Release|Any CPU
		{25794655-506D-4192-A5F0-F1DF48CA42AE}.ReleaseQ8|ARM64.ActiveCfg = Release|Any CPU
		{25794655-506D-4192-A5F0-F1DF48CA42AE}.ReleaseQ8|ARM64.Build.0 = Release|Any CPU
		{25794655-506D-4192-A5F0-F1DF48CA42AE}.ReleaseQ8|x64.ActiveCfg = Release|x64
		{25794655-506D-4192-A5F0-F1DF48CA42AE}.ReleaseQ8|x64.Build.0 = Release|x64
		{25794655-506D-4192-A5F0-F1DF48CA42AE}.ReleaseQ8|x86.ActiveCfg = Release|x86
		{25794655-506D-4192-A5F0-F1DF48CA42AE}.ReleaseQ8|x86.Build.0 = Release|x86
		{25794655-506D-4192-A5F0-F1DF48CA42AE}.ReleaseQ8-OpenMP|Any CPU.ActiveCfg = Release|Any CPU
		{25794655-506D-4192-A5F0-F1DF48CA42AE}.ReleaseQ8-OpenMP|Any CPU.Build.0 = Release|Any CPU
		{25794655-506D-4192-A5F0-F1DF48CA42AE}.ReleaseQ8-OpenMP|ARM.ActiveCfg = Release|Any CPU
		{25794655-506D-4192-A5F0-F1DF48CA42AE}.ReleaseQ8-OpenMP|ARM.Build.0 = Release|Any CPU
		{25794655-506D-4192-A5F0-F1DF48CA42AE}.ReleaseQ8-OpenMP|ARM64.ActiveCfg = Release|Any CPU
		{25794655-506D-4192-A5F0-F1DF48CA42AE}.ReleaseQ8-OpenMP|ARM64.Build.0 = Release|Any CPU
		{25794655-506D-4192-A5F0-F1DF48CA42AE}.ReleaseQ8-OpenMP|x64.ActiveCfg = Release|x64
		{25794655-506D-4192-A5F0-F1DF48CA42AE}.ReleaseQ8-OpenMP|x64.Build.0 = Release|x64
		{25794655-506D-4192-A5F0-F1DF48CA42AE}.ReleaseQ8-OpenMP|x86.ActiveCfg = Release|x86
		{25794655-506D-4192-A5F0-F1DF48CA42AE}.ReleaseQ8-OpenMP|x86.Build.0 = Release|x86
		{25794655-506D-4192-A5F0-F1DF48CA42AE}.Test|Any CPU.ActiveCfg = Store|Any CPU
		{25794655-506D-4192-A5F0-F1DF48CA42AE}.Test|Any CPU.Build.0 = Store|Any CPU
		{25794655-506D-4192-A5F0-F1DF48CA42AE}.Test|ARM.ActiveCfg = Store|Any CPU
		{25794655-506D-4192-A5F0-F1DF48CA42AE}.Test|ARM.Build.0 = Store|Any CPU
		{25794655-506D-4192-A5F0-F1DF48CA42AE}.Test|ARM64.ActiveCfg = Store|Any CPU
		{25794655-506D-4192-A5F0-F1DF48CA42AE}.Test|ARM64.Build.0 = Store|Any CPU
		{25794655-506D-4192-A5F0-F1DF48CA42AE}.Test|x64.ActiveCfg = Store|x64
		{25794655-506D-4192-A5F0-F1DF48CA42AE}.Test|x64.Build.0 = Store|x64
		{25794655-506D-4192-A5F0-F1DF48CA42AE}.Test|x86.ActiveCfg = Store|x86
		{25794655-506D-4192-A5F0-F1DF48CA42AE}.Test|x86.Build.0 = Store|x86
		{25794655-506D-4192-A5F0-F1DF48CA42AE}.TestQ16|Any CPU.ActiveCfg = Store|Any CPU
		{25794655-506D-4192-A5F0-F1DF48CA42AE}.TestQ16|Any CPU.Build.0 = Store|Any CPU
		{25794655-506D-4192-A5F0-F1DF48CA42AE}.TestQ16|ARM.ActiveCfg = Store|Any CPU
		{25794655-506D-4192-A5F0-F1DF48CA42AE}.TestQ16|ARM.Build.0 = Store|Any CPU
		{25794655-506D-4192-A5F0-F1DF48CA42AE}.TestQ16|ARM64.ActiveCfg = Store|Any CPU
		{25794655-506D-4192-A5F0-F1DF48CA42AE}.TestQ16|ARM64.Build.0 = Store|Any CPU
		{25794655-506D-4192-A5F0-F1DF48CA42AE}.TestQ16|x64.ActiveCfg = Store|x64
		{25794655-506D-4192-A5F0-F1DF48CA42AE}.TestQ16|x64.Build.0 = Store|x64
		{25794655-506D-4192-A5F0-F1DF48CA42AE}.TestQ16|x86.ActiveCfg = Store|x86
		{25794655-506D-4192-A5F0-F1DF48CA42AE}.TestQ16|x86.Build.0 = Store|x86
		{25794655-506D-4192-A5F0-F1DF48CA42AE}.TestQ16-HDRI|Any CPU.ActiveCfg = Store|Any CPU
		{25794655-506D-4192-A5F0-F1DF48CA42AE}.TestQ16-HDRI|Any CPU.Build.0 = Store|Any CPU
		{25794655-506D-4192-A5F0-F1DF48CA42AE}.TestQ16-HDRI|ARM.ActiveCfg = Store|Any CPU
		{25794655-506D-4192-A5F0-F1DF48CA42AE}.TestQ16-HDRI|ARM.Build.0 = Store|Any CPU
		{25794655-506D-4192-A5F0-F1DF48CA42AE}.TestQ16-HDRI|ARM64.ActiveCfg = Store|Any CPU
		{25794655-506D-4192-A5F0-F1DF48CA42AE}.TestQ16-HDRI|ARM64.Build.0 = Store|Any CPU
		{25794655-506D-4192-A5F0-F1DF48CA42AE}.TestQ16-HDRI|x64.ActiveCfg = Store|x64
		{25794655-506D-4192-A5F0-F1DF48CA42AE}.TestQ16-HDRI|x64.Build.0 = Store|x64
		{25794655-506D-4192-A5F0-F1DF48CA42AE}.TestQ16-HDRI|x86.ActiveCfg = Store|x86
		{25794655-506D-4192-A5F0-F1DF48CA42AE}.TestQ16-HDRI|x86.Build.0 = Store|x86
		{25794655-506D-4192-A5F0-F1DF48CA42AE}.TestQ16-HDRI-OpenMP|Any CPU.ActiveCfg = Store|Any CPU
		{25794655-506D-4192-A5F0-F1DF48CA42AE}.TestQ16-HDRI-OpenMP|Any CPU.Build.0 = Store|Any CPU
		{25794655-506D-4192-A5F0-F1DF48CA42AE}.TestQ16-HDRI-OpenMP|ARM.ActiveCfg = Store|Any CPU
		{25794655-506D-4192-A5F0-F1DF48CA42AE}.TestQ16-HDRI-OpenMP|ARM.Build.0 = Store|Any CPU
		{25794655-506D-4192-A5F0-F1DF48CA42AE}.TestQ16-HDRI-OpenMP|ARM64.ActiveCfg = Store|Any CPU
		{25794655-506D-4192-A5F0-F1DF48CA42AE}.TestQ16-HDRI-OpenMP|ARM64.Build.0 = Store|Any CPU
		{25794655-506D-4192-A5F0-F1DF48CA42AE}.TestQ16-HDRI-OpenMP|x64.ActiveCfg = Store|x64
		{25794655-506D-4192-A5F0-F1DF48CA42AE}.TestQ16-HDRI-OpenMP|x64.Build.0 = Store|x64
		{25794655-506D-4192-A5F0-F1DF48CA42AE}.TestQ16-HDRI-OpenMP|x86.ActiveCfg = Store|x86
		{25794655-506D-4192-A5F0-F1DF48CA42AE}.TestQ16-HDRI-OpenMP|x86.Build.0 = Store|x86
		{25794655-506D-4192-A5F0-F1DF48CA42AE}.TestQ16-OpenMP|Any CPU.ActiveCfg = Store|Any CPU
		{25794655-506D-4192-A5F0-F1DF48CA42AE}.TestQ16-OpenMP|Any CPU.Build.0 = Store|Any CPU
		{25794655-506D-4192-A5F0-F1DF48CA42AE}.TestQ16-OpenMP|ARM.ActiveCfg = Store|Any CPU
		{25794655-506D-4192-A5F0-F1DF48CA42AE}.TestQ16-OpenMP|ARM.Build.0 = Store|Any CPU
		{25794655-506D-4192-A5F0-F1DF48CA42AE}.TestQ16-OpenMP|ARM64.ActiveCfg = Store|Any CPU
		{25794655-506D-4192-A5F0-F1DF48CA42AE}.TestQ16-OpenMP|ARM64.Build.0 = Store|Any CPU
		{25794655-506D-4192-A5F0-F1DF48CA42AE}.TestQ16-OpenMP|x64.ActiveCfg = Store|x64
		{25794655-506D-4192-A5F0-F1DF48CA42AE}.TestQ16-OpenMP|x64.Build.0 = Store|x64
		{25794655-506D-4192-A5F0-F1DF48CA42AE}.TestQ16-OpenMP|x86.ActiveCfg = Store|x86
		{25794655-506D-4192-A5F0-F1DF48CA42AE}.TestQ16-OpenMP|x86.Build.0 = Store|x86
		{25794655-506D-4192-A5F0-F1DF48CA42AE}.TestQ8|Any CPU.ActiveCfg = Store|Any CPU
		{25794655-506D-4192-A5F0-F1DF48CA42AE}.TestQ8|Any CPU.Build.0 = Store|Any CPU
		{25794655-506D-4192-A5F0-F1DF48CA42AE}.TestQ8|ARM.ActiveCfg = Store|Any CPU
		{25794655-506D-4192-A5F0-F1DF48CA42AE}.TestQ8|ARM.Build.0 = Store|Any CPU
		{25794655-506D-4192-A5F0-F1DF48CA42AE}.TestQ8|ARM64.ActiveCfg = Store|Any CPU
		{25794655-506D-4192-A5F0-F1DF48CA42AE}.TestQ8|ARM64.Build.0 = Store|Any CPU
		{25794655-506D-4192-A5F0-F1DF48CA42AE}.TestQ8|x64.ActiveCfg = Store|x64
		{25794655-506D-4192-A5F0-F1DF48CA42AE}.TestQ8|x64.Build.0 = Store|x64
		{25794655-506D-4192-A5F0-F1DF48CA42AE}.TestQ8|x86.ActiveCfg = Store|x86
		{25794655-506D-4192-A5F0-F1DF48CA42AE}.TestQ8|x86.Build.0 = Store|x86
		{25794655-506D-4192-A5F0-F1DF48CA42AE}.TestQ8-OpenMP|Any CPU.ActiveCfg = Store|Any CPU
		{25794655-506D-4192-A5F0-F1DF48CA42AE}.TestQ8-OpenMP|Any CPU.Build.0 = Store|Any CPU
		{25794655-506D-4192-A5F0-F1DF48CA42AE}.TestQ8-OpenMP|ARM.ActiveCfg = Store|Any CPU
		{25794655-506D-4192-A5F0-F1DF48CA42AE}.TestQ8-OpenMP|ARM.Build.0 = Store|Any CPU
		{25794655-506D-4192-A5F0-F1DF48CA42AE}.TestQ8-OpenMP|ARM64.ActiveCfg = Store|Any CPU
		{25794655-506D-4192-A5F0-F1DF48CA42AE}.TestQ8-OpenMP|ARM64.Build.0 = Store|Any CPU
		{25794655-506D-4192-A5F0-F1DF48CA42AE}.TestQ8-OpenMP|x64.ActiveCfg = Store|x64
		{25794655-506D-4192-A5F0-F1DF48CA42AE}.TestQ8-OpenMP|x64.Build.0 = Store|x64
		{25794655-506D-4192-A5F0-F1DF48CA42AE}.TestQ8-OpenMP|x86.ActiveCfg = Store|x86
		{25794655-506D-4192-A5F0-F1DF48CA42AE}.TestQ8-OpenMP|x86.Build.0 = Store|x86
		{8F9BB3EE-E365-4FE0-B5EE-FB45D7E7FE41}.Debug|Any CPU.ActiveCfg = Debug|Any CPU
		{8F9BB3EE-E365-4FE0-B5EE-FB45D7E7FE41}.Debug|Any CPU.Build.0 = Debug|Any CPU
		{8F9BB3EE-E365-4FE0-B5EE-FB45D7E7FE41}.Debug|ARM.ActiveCfg = Debug|ARM
		{8F9BB3EE-E365-4FE0-B5EE-FB45D7E7FE41}.Debug|ARM.Build.0 = Debug|ARM
		{8F9BB3EE-E365-4FE0-B5EE-FB45D7E7FE41}.Debug|ARM64.ActiveCfg = Debug|ARM64
		{8F9BB3EE-E365-4FE0-B5EE-FB45D7E7FE41}.Debug|ARM64.Build.0 = Debug|ARM64
		{8F9BB3EE-E365-4FE0-B5EE-FB45D7E7FE41}.Debug|x64.ActiveCfg = Debug|x64
		{8F9BB3EE-E365-4FE0-B5EE-FB45D7E7FE41}.Debug|x64.Build.0 = Debug|x64
		{8F9BB3EE-E365-4FE0-B5EE-FB45D7E7FE41}.Debug|x86.ActiveCfg = Debug|x86
		{8F9BB3EE-E365-4FE0-B5EE-FB45D7E7FE41}.Debug|x86.Build.0 = Debug|x86
		{8F9BB3EE-E365-4FE0-B5EE-FB45D7E7FE41}.DebugQ16|Any CPU.ActiveCfg = Debug|Any CPU
		{8F9BB3EE-E365-4FE0-B5EE-FB45D7E7FE41}.DebugQ16|Any CPU.Build.0 = Debug|Any CPU
		{8F9BB3EE-E365-4FE0-B5EE-FB45D7E7FE41}.DebugQ16|ARM.ActiveCfg = Debug|ARM
		{8F9BB3EE-E365-4FE0-B5EE-FB45D7E7FE41}.DebugQ16|ARM.Build.0 = Debug|ARM
		{8F9BB3EE-E365-4FE0-B5EE-FB45D7E7FE41}.DebugQ16|ARM64.ActiveCfg = Debug|ARM64
		{8F9BB3EE-E365-4FE0-B5EE-FB45D7E7FE41}.DebugQ16|ARM64.Build.0 = Debug|ARM64
		{8F9BB3EE-E365-4FE0-B5EE-FB45D7E7FE41}.DebugQ16|x64.ActiveCfg = Debug|x64
		{8F9BB3EE-E365-4FE0-B5EE-FB45D7E7FE41}.DebugQ16|x64.Build.0 = Debug|x64
		{8F9BB3EE-E365-4FE0-B5EE-FB45D7E7FE41}.DebugQ16|x86.ActiveCfg = Debug|x86
		{8F9BB3EE-E365-4FE0-B5EE-FB45D7E7FE41}.DebugQ16|x86.Build.0 = Debug|x86
		{8F9BB3EE-E365-4FE0-B5EE-FB45D7E7FE41}.DebugQ16-HDRI|Any CPU.ActiveCfg = Debug|Any CPU
		{8F9BB3EE-E365-4FE0-B5EE-FB45D7E7FE41}.DebugQ16-HDRI|Any CPU.Build.0 = Debug|Any CPU
		{8F9BB3EE-E365-4FE0-B5EE-FB45D7E7FE41}.DebugQ16-HDRI|ARM.ActiveCfg = Debug|ARM
		{8F9BB3EE-E365-4FE0-B5EE-FB45D7E7FE41}.DebugQ16-HDRI|ARM.Build.0 = Debug|ARM
		{8F9BB3EE-E365-4FE0-B5EE-FB45D7E7FE41}.DebugQ16-HDRI|ARM64.ActiveCfg = Debug|ARM64
		{8F9BB3EE-E365-4FE0-B5EE-FB45D7E7FE41}.DebugQ16-HDRI|ARM64.Build.0 = Debug|ARM64
		{8F9BB3EE-E365-4FE0-B5EE-FB45D7E7FE41}.DebugQ16-HDRI|x64.ActiveCfg = Debug|x64
		{8F9BB3EE-E365-4FE0-B5EE-FB45D7E7FE41}.DebugQ16-HDRI|x64.Build.0 = Debug|x64
		{8F9BB3EE-E365-4FE0-B5EE-FB45D7E7FE41}.DebugQ16-HDRI|x86.ActiveCfg = Debug|x86
		{8F9BB3EE-E365-4FE0-B5EE-FB45D7E7FE41}.DebugQ16-HDRI|x86.Build.0 = Debug|x86
		{8F9BB3EE-E365-4FE0-B5EE-FB45D7E7FE41}.DebugQ8|Any CPU.ActiveCfg = Debug|Any CPU
		{8F9BB3EE-E365-4FE0-B5EE-FB45D7E7FE41}.DebugQ8|Any CPU.Build.0 = Debug|Any CPU
		{8F9BB3EE-E365-4FE0-B5EE-FB45D7E7FE41}.DebugQ8|ARM.ActiveCfg = Debug|ARM
		{8F9BB3EE-E365-4FE0-B5EE-FB45D7E7FE41}.DebugQ8|ARM.Build.0 = Debug|ARM
		{8F9BB3EE-E365-4FE0-B5EE-FB45D7E7FE41}.DebugQ8|ARM64.ActiveCfg = Debug|ARM64
		{8F9BB3EE-E365-4FE0-B5EE-FB45D7E7FE41}.DebugQ8|ARM64.Build.0 = Debug|ARM64
		{8F9BB3EE-E365-4FE0-B5EE-FB45D7E7FE41}.DebugQ8|x64.ActiveCfg = Debug|x64
		{8F9BB3EE-E365-4FE0-B5EE-FB45D7E7FE41}.DebugQ8|x64.Build.0 = Debug|x64
		{8F9BB3EE-E365-4FE0-B5EE-FB45D7E7FE41}.DebugQ8|x86.ActiveCfg = Debug|x86
		{8F9BB3EE-E365-4FE0-B5EE-FB45D7E7FE41}.DebugQ8|x86.Build.0 = Debug|x86
		{8F9BB3EE-E365-4FE0-B5EE-FB45D7E7FE41}.Release|Any CPU.ActiveCfg = Release|Any CPU
		{8F9BB3EE-E365-4FE0-B5EE-FB45D7E7FE41}.Release|Any CPU.Build.0 = Release|Any CPU
		{8F9BB3EE-E365-4FE0-B5EE-FB45D7E7FE41}.Release|ARM.ActiveCfg = Release|ARM
		{8F9BB3EE-E365-4FE0-B5EE-FB45D7E7FE41}.Release|ARM.Build.0 = Release|ARM
		{8F9BB3EE-E365-4FE0-B5EE-FB45D7E7FE41}.Release|ARM64.ActiveCfg = Release|ARM64
		{8F9BB3EE-E365-4FE0-B5EE-FB45D7E7FE41}.Release|ARM64.Build.0 = Release|ARM64
		{8F9BB3EE-E365-4FE0-B5EE-FB45D7E7FE41}.Release|x64.ActiveCfg = Release|x64
		{8F9BB3EE-E365-4FE0-B5EE-FB45D7E7FE41}.Release|x64.Build.0 = Release|x64
		{8F9BB3EE-E365-4FE0-B5EE-FB45D7E7FE41}.Release|x86.ActiveCfg = Release|x86
		{8F9BB3EE-E365-4FE0-B5EE-FB45D7E7FE41}.Release|x86.Build.0 = Release|x86
		{8F9BB3EE-E365-4FE0-B5EE-FB45D7E7FE41}.ReleaseQ16|Any CPU.ActiveCfg = Release|Any CPU
		{8F9BB3EE-E365-4FE0-B5EE-FB45D7E7FE41}.ReleaseQ16|Any CPU.Build.0 = Release|Any CPU
		{8F9BB3EE-E365-4FE0-B5EE-FB45D7E7FE41}.ReleaseQ16|ARM.ActiveCfg = Release|ARM
		{8F9BB3EE-E365-4FE0-B5EE-FB45D7E7FE41}.ReleaseQ16|ARM.Build.0 = Release|ARM
		{8F9BB3EE-E365-4FE0-B5EE-FB45D7E7FE41}.ReleaseQ16|ARM64.ActiveCfg = Release|ARM64
		{8F9BB3EE-E365-4FE0-B5EE-FB45D7E7FE41}.ReleaseQ16|ARM64.Build.0 = Release|ARM64
		{8F9BB3EE-E365-4FE0-B5EE-FB45D7E7FE41}.ReleaseQ16|x64.ActiveCfg = Release|x64
		{8F9BB3EE-E365-4FE0-B5EE-FB45D7E7FE41}.ReleaseQ16|x64.Build.0 = Release|x64
		{8F9BB3EE-E365-4FE0-B5EE-FB45D7E7FE41}.ReleaseQ16|x86.ActiveCfg = Release|x86
		{8F9BB3EE-E365-4FE0-B5EE-FB45D7E7FE41}.ReleaseQ16|x86.Build.0 = Release|x86
		{8F9BB3EE-E365-4FE0-B5EE-FB45D7E7FE41}.ReleaseQ16-HDRI|Any CPU.ActiveCfg = Release|Any CPU
		{8F9BB3EE-E365-4FE0-B5EE-FB45D7E7FE41}.ReleaseQ16-HDRI|Any CPU.Build.0 = Release|Any CPU
		{8F9BB3EE-E365-4FE0-B5EE-FB45D7E7FE41}.ReleaseQ16-HDRI|ARM.ActiveCfg = Release|ARM
		{8F9BB3EE-E365-4FE0-B5EE-FB45D7E7FE41}.ReleaseQ16-HDRI|ARM.Build.0 = Release|ARM
		{8F9BB3EE-E365-4FE0-B5EE-FB45D7E7FE41}.ReleaseQ16-HDRI|ARM64.ActiveCfg = Release|ARM64
		{8F9BB3EE-E365-4FE0-B5EE-FB45D7E7FE41}.ReleaseQ16-HDRI|ARM64.Build.0 = Release|ARM64
		{8F9BB3EE-E365-4FE0-B5EE-FB45D7E7FE41}.ReleaseQ16-HDRI|x64.ActiveCfg = Release|x64
		{8F9BB3EE-E365-4FE0-B5EE-FB45D7E7FE41}.ReleaseQ16-HDRI|x64.Build.0 = Release|x64
		{8F9BB3EE-E365-4FE0-B5EE-FB45D7E7FE41}.ReleaseQ16-HDRI|x86.ActiveCfg = Release|x86
		{8F9BB3EE-E365-4FE0-B5EE-FB45D7E7FE41}.ReleaseQ16-HDRI|x86.Build.0 = Release|x86
		{8F9BB3EE-E365-4FE0-B5EE-FB45D7E7FE41}.ReleaseQ16-HDRI-OpenMP|Any CPU.ActiveCfg = Release|Any CPU
		{8F9BB3EE-E365-4FE0-B5EE-FB45D7E7FE41}.ReleaseQ16-HDRI-OpenMP|Any CPU.Build.0 = Release|Any CPU
		{8F9BB3EE-E365-4FE0-B5EE-FB45D7E7FE41}.ReleaseQ16-HDRI-OpenMP|ARM.ActiveCfg = Release|ARM
		{8F9BB3EE-E365-4FE0-B5EE-FB45D7E7FE41}.ReleaseQ16-HDRI-OpenMP|ARM.Build.0 = Release|ARM
		{8F9BB3EE-E365-4FE0-B5EE-FB45D7E7FE41}.ReleaseQ16-HDRI-OpenMP|ARM64.ActiveCfg = Release|ARM64
		{8F9BB3EE-E365-4FE0-B5EE-FB45D7E7FE41}.ReleaseQ16-HDRI-OpenMP|ARM64.Build.0 = Release|ARM64
		{8F9BB3EE-E365-4FE0-B5EE-FB45D7E7FE41}.ReleaseQ16-HDRI-OpenMP|x64.ActiveCfg = Release|x64
		{8F9BB3EE-E365-4FE0-B5EE-FB45D7E7FE41}.ReleaseQ16-HDRI-OpenMP|x64.Build.0 = Release|x64
		{8F9BB3EE-E365-4FE0-B5EE-FB45D7E7FE41}.ReleaseQ16-HDRI-OpenMP|x86.ActiveCfg = Release|x86
		{8F9BB3EE-E365-4FE0-B5EE-FB45D7E7FE41}.ReleaseQ16-HDRI-OpenMP|x86.Build.0 = Release|x86
		{8F9BB3EE-E365-4FE0-B5EE-FB45D7E7FE41}.ReleaseQ16-OpenMP|Any CPU.ActiveCfg = Release|Any CPU
		{8F9BB3EE-E365-4FE0-B5EE-FB45D7E7FE41}.ReleaseQ16-OpenMP|Any CPU.Build.0 = Release|Any CPU
		{8F9BB3EE-E365-4FE0-B5EE-FB45D7E7FE41}.ReleaseQ16-OpenMP|ARM.ActiveCfg = Release|ARM
		{8F9BB3EE-E365-4FE0-B5EE-FB45D7E7FE41}.ReleaseQ16-OpenMP|ARM.Build.0 = Release|ARM
		{8F9BB3EE-E365-4FE0-B5EE-FB45D7E7FE41}.ReleaseQ16-OpenMP|ARM64.ActiveCfg = Release|ARM64
		{8F9BB3EE-E365-4FE0-B5EE-FB45D7E7FE41}.ReleaseQ16-OpenMP|ARM64.Build.0 = Release|ARM64
		{8F9BB3EE-E365-4FE0-B5EE-FB45D7E7FE41}.ReleaseQ16-OpenMP|x64.ActiveCfg = Release|x64
		{8F9BB3EE-E365-4FE0-B5EE-FB45D7E7FE41}.ReleaseQ16-OpenMP|x64.Build.0 = Release|x64
		{8F9BB3EE-E365-4FE0-B5EE-FB45D7E7FE41}.ReleaseQ16-OpenMP|x86.ActiveCfg = Release|x86
		{8F9BB3EE-E365-4FE0-B5EE-FB45D7E7FE41}.ReleaseQ16-OpenMP|x86.Build.0 = Release|x86
		{8F9BB3EE-E365-4FE0-B5EE-FB45D7E7FE41}.ReleaseQ8|Any CPU.ActiveCfg = Release|Any CPU
		{8F9BB3EE-E365-4FE0-B5EE-FB45D7E7FE41}.ReleaseQ8|Any CPU.Build.0 = Release|Any CPU
		{8F9BB3EE-E365-4FE0-B5EE-FB45D7E7FE41}.ReleaseQ8|ARM.ActiveCfg = Release|ARM
		{8F9BB3EE-E365-4FE0-B5EE-FB45D7E7FE41}.ReleaseQ8|ARM.Build.0 = Release|ARM
		{8F9BB3EE-E365-4FE0-B5EE-FB45D7E7FE41}.ReleaseQ8|ARM64.ActiveCfg = Release|ARM64
		{8F9BB3EE-E365-4FE0-B5EE-FB45D7E7FE41}.ReleaseQ8|ARM64.Build.0 = Release|ARM64
		{8F9BB3EE-E365-4FE0-B5EE-FB45D7E7FE41}.ReleaseQ8|x64.ActiveCfg = Release|x64
		{8F9BB3EE-E365-4FE0-B5EE-FB45D7E7FE41}.ReleaseQ8|x64.Build.0 = Release|x64
		{8F9BB3EE-E365-4FE0-B5EE-FB45D7E7FE41}.ReleaseQ8|x86.ActiveCfg = Release|x86
		{8F9BB3EE-E365-4FE0-B5EE-FB45D7E7FE41}.ReleaseQ8|x86.Build.0 = Release|x86
		{8F9BB3EE-E365-4FE0-B5EE-FB45D7E7FE41}.ReleaseQ8-OpenMP|Any CPU.ActiveCfg = Release|Any CPU
		{8F9BB3EE-E365-4FE0-B5EE-FB45D7E7FE41}.ReleaseQ8-OpenMP|Any CPU.Build.0 = Release|Any CPU
		{8F9BB3EE-E365-4FE0-B5EE-FB45D7E7FE41}.ReleaseQ8-OpenMP|ARM.ActiveCfg = Release|ARM
		{8F9BB3EE-E365-4FE0-B5EE-FB45D7E7FE41}.ReleaseQ8-OpenMP|ARM.Build.0 = Release|ARM
		{8F9BB3EE-E365-4FE0-B5EE-FB45D7E7FE41}.ReleaseQ8-OpenMP|ARM64.ActiveCfg = Release|ARM64
		{8F9BB3EE-E365-4FE0-B5EE-FB45D7E7FE41}.ReleaseQ8-OpenMP|ARM64.Build.0 = Release|ARM64
		{8F9BB3EE-E365-4FE0-B5EE-FB45D7E7FE41}.ReleaseQ8-OpenMP|x64.ActiveCfg = Release|x64
		{8F9BB3EE-E365-4FE0-B5EE-FB45D7E7FE41}.ReleaseQ8-OpenMP|x64.Build.0 = Release|x64
		{8F9BB3EE-E365-4FE0-B5EE-FB45D7E7FE41}.ReleaseQ8-OpenMP|x86.ActiveCfg = Release|x86
		{8F9BB3EE-E365-4FE0-B5EE-FB45D7E7FE41}.ReleaseQ8-OpenMP|x86.Build.0 = Release|x86
		{8F9BB3EE-E365-4FE0-B5EE-FB45D7E7FE41}.Test|Any CPU.ActiveCfg = Store|Any CPU
		{8F9BB3EE-E365-4FE0-B5EE-FB45D7E7FE41}.Test|Any CPU.Build.0 = Store|Any CPU
		{8F9BB3EE-E365-4FE0-B5EE-FB45D7E7FE41}.Test|ARM.ActiveCfg = Store|ARM
		{8F9BB3EE-E365-4FE0-B5EE-FB45D7E7FE41}.Test|ARM.Build.0 = Store|ARM
		{8F9BB3EE-E365-4FE0-B5EE-FB45D7E7FE41}.Test|ARM64.ActiveCfg = Store|ARM64
		{8F9BB3EE-E365-4FE0-B5EE-FB45D7E7FE41}.Test|ARM64.Build.0 = Store|ARM64
		{8F9BB3EE-E365-4FE0-B5EE-FB45D7E7FE41}.Test|x64.ActiveCfg = Store|x64
		{8F9BB3EE-E365-4FE0-B5EE-FB45D7E7FE41}.Test|x64.Build.0 = Store|x64
		{8F9BB3EE-E365-4FE0-B5EE-FB45D7E7FE41}.Test|x86.ActiveCfg = Store|x86
		{8F9BB3EE-E365-4FE0-B5EE-FB45D7E7FE41}.Test|x86.Build.0 = Store|x86
		{8F9BB3EE-E365-4FE0-B5EE-FB45D7E7FE41}.TestQ16|Any CPU.ActiveCfg = Store|Any CPU
		{8F9BB3EE-E365-4FE0-B5EE-FB45D7E7FE41}.TestQ16|Any CPU.Build.0 = Store|Any CPU
		{8F9BB3EE-E365-4FE0-B5EE-FB45D7E7FE41}.TestQ16|ARM.ActiveCfg = Store|ARM
		{8F9BB3EE-E365-4FE0-B5EE-FB45D7E7FE41}.TestQ16|ARM.Build.0 = Store|ARM
		{8F9BB3EE-E365-4FE0-B5EE-FB45D7E7FE41}.TestQ16|ARM64.ActiveCfg = Store|ARM64
		{8F9BB3EE-E365-4FE0-B5EE-FB45D7E7FE41}.TestQ16|ARM64.Build.0 = Store|ARM64
		{8F9BB3EE-E365-4FE0-B5EE-FB45D7E7FE41}.TestQ16|x64.ActiveCfg = Store|x64
		{8F9BB3EE-E365-4FE0-B5EE-FB45D7E7FE41}.TestQ16|x64.Build.0 = Store|x64
		{8F9BB3EE-E365-4FE0-B5EE-FB45D7E7FE41}.TestQ16|x86.ActiveCfg = Store|x86
		{8F9BB3EE-E365-4FE0-B5EE-FB45D7E7FE41}.TestQ16|x86.Build.0 = Store|x86
		{8F9BB3EE-E365-4FE0-B5EE-FB45D7E7FE41}.TestQ16-HDRI|Any CPU.ActiveCfg = Store|Any CPU
		{8F9BB3EE-E365-4FE0-B5EE-FB45D7E7FE41}.TestQ16-HDRI|Any CPU.Build.0 = Store|Any CPU
		{8F9BB3EE-E365-4FE0-B5EE-FB45D7E7FE41}.TestQ16-HDRI|ARM.ActiveCfg = Store|ARM
		{8F9BB3EE-E365-4FE0-B5EE-FB45D7E7FE41}.TestQ16-HDRI|ARM.Build.0 = Store|ARM
		{8F9BB3EE-E365-4FE0-B5EE-FB45D7E7FE41}.TestQ16-HDRI|ARM64.ActiveCfg = Store|ARM64
		{8F9BB3EE-E365-4FE0-B5EE-FB45D7E7FE41}.TestQ16-HDRI|ARM64.Build.0 = Store|ARM64
		{8F9BB3EE-E365-4FE0-B5EE-FB45D7E7FE41}.TestQ16-HDRI|x64.ActiveCfg = Store|x64
		{8F9BB3EE-E365-4FE0-B5EE-FB45D7E7FE41}.TestQ16-HDRI|x64.Build.0 = Store|x64
		{8F9BB3EE-E365-4FE0-B5EE-FB45D7E7FE41}.TestQ16-HDRI|x86.ActiveCfg = Store|x86
		{8F9BB3EE-E365-4FE0-B5EE-FB45D7E7FE41}.TestQ16-HDRI|x86.Build.0 = Store|x86
		{8F9BB3EE-E365-4FE0-B5EE-FB45D7E7FE41}.TestQ16-HDRI-OpenMP|Any CPU.ActiveCfg = Store|Any CPU
		{8F9BB3EE-E365-4FE0-B5EE-FB45D7E7FE41}.TestQ16-HDRI-OpenMP|Any CPU.Build.0 = Store|Any CPU
		{8F9BB3EE-E365-4FE0-B5EE-FB45D7E7FE41}.TestQ16-HDRI-OpenMP|ARM.ActiveCfg = Store|ARM
		{8F9BB3EE-E365-4FE0-B5EE-FB45D7E7FE41}.TestQ16-HDRI-OpenMP|ARM.Build.0 = Store|ARM
		{8F9BB3EE-E365-4FE0-B5EE-FB45D7E7FE41}.TestQ16-HDRI-OpenMP|ARM64.ActiveCfg = Store|ARM64
		{8F9BB3EE-E365-4FE0-B5EE-FB45D7E7FE41}.TestQ16-HDRI-OpenMP|ARM64.Build.0 = Store|ARM64
		{8F9BB3EE-E365-4FE0-B5EE-FB45D7E7FE41}.TestQ16-HDRI-OpenMP|x64.ActiveCfg = Store|x64
		{8F9BB3EE-E365-4FE0-B5EE-FB45D7E7FE41}.TestQ16-HDRI-OpenMP|x64.Build.0 = Store|x64
		{8F9BB3EE-E365-4FE0-B5EE-FB45D7E7FE41}.TestQ16-HDRI-OpenMP|x86.ActiveCfg = Store|x86
		{8F9BB3EE-E365-4FE0-B5EE-FB45D7E7FE41}.TestQ16-HDRI-OpenMP|x86.Build.0 = Store|x86
		{8F9BB3EE-E365-4FE0-B5EE-FB45D7E7FE41}.TestQ16-OpenMP|Any CPU.ActiveCfg = Store|Any CPU
		{8F9BB3EE-E365-4FE0-B5EE-FB45D7E7FE41}.TestQ16-OpenMP|Any CPU.Build.0 = Store|Any CPU
		{8F9BB3EE-E365-4FE0-B5EE-FB45D7E7FE41}.TestQ16-OpenMP|ARM.ActiveCfg = Store|ARM
		{8F9BB3EE-E365-4FE0-B5EE-FB45D7E7FE41}.TestQ16-OpenMP|ARM.Build.0 = Store|ARM
		{8F9BB3EE-E365-4FE0-B5EE-FB45D7E7FE41}.TestQ16-OpenMP|ARM64.ActiveCfg = Store|ARM64
		{8F9BB3EE-E365-4FE0-B5EE-FB45D7E7FE41}.TestQ16-OpenMP|ARM64.Build.0 = Store|ARM64
		{8F9BB3EE-E365-4FE0-B5EE-FB45D7E7FE41}.TestQ16-OpenMP|x64.ActiveCfg = Store|x64
		{8F9BB3EE-E365-4FE0-B5EE-FB45D7E7FE41}.TestQ16-OpenMP|x64.Build.0 = Store|x64
		{8F9BB3EE-E365-4FE0-B5EE-FB45D7E7FE41}.TestQ16-OpenMP|x86.ActiveCfg = Store|x86
		{8F9BB3EE-E365-4FE0-B5EE-FB45D7E7FE41}.TestQ16-OpenMP|x86.Build.0 = Store|x86
		{8F9BB3EE-E365-4FE0-B5EE-FB45D7E7FE41}.TestQ8|Any CPU.ActiveCfg = Store|Any CPU
		{8F9BB3EE-E365-4FE0-B5EE-FB45D7E7FE41}.TestQ8|Any CPU.Build.0 = Store|Any CPU
		{8F9BB3EE-E365-4FE0-B5EE-FB45D7E7FE41}.TestQ8|ARM.ActiveCfg = Store|ARM
		{8F9BB3EE-E365-4FE0-B5EE-FB45D7E7FE41}.TestQ8|ARM.Build.0 = Store|ARM
		{8F9BB3EE-E365-4FE0-B5EE-FB45D7E7FE41}.TestQ8|ARM64.ActiveCfg = Store|ARM64
		{8F9BB3EE-E365-4FE0-B5EE-FB45D7E7FE41}.TestQ8|ARM64.Build.0 = Store|ARM64
		{8F9BB3EE-E365-4FE0-B5EE-FB45D7E7FE41}.TestQ8|x64.ActiveCfg = Store|x64
		{8F9BB3EE-E365-4FE0-B5EE-FB45D7E7FE41}.TestQ8|x64.Build.0 = Store|x64
		{8F9BB3EE-E365-4FE0-B5EE-FB45D7E7FE41}.TestQ8|x86.ActiveCfg = Store|x86
		{8F9BB3EE-E365-4FE0-B5EE-FB45D7E7FE41}.TestQ8|x86.Build.0 = Store|x86
		{8F9BB3EE-E365-4FE0-B5EE-FB45D7E7FE41}.TestQ8-OpenMP|Any CPU.ActiveCfg = Store|Any CPU
		{8F9BB3EE-E365-4FE0-B5EE-FB45D7E7FE41}.TestQ8-OpenMP|Any CPU.Build.0 = Store|Any CPU
		{8F9BB3EE-E365-4FE0-B5EE-FB45D7E7FE41}.TestQ8-OpenMP|ARM.ActiveCfg = Store|ARM
		{8F9BB3EE-E365-4FE0-B5EE-FB45D7E7FE41}.TestQ8-OpenMP|ARM.Build.0 = Store|ARM
		{8F9BB3EE-E365-4FE0-B5EE-FB45D7E7FE41}.TestQ8-OpenMP|ARM64.ActiveCfg = Store|ARM64
		{8F9BB3EE-E365-4FE0-B5EE-FB45D7E7FE41}.TestQ8-OpenMP|ARM64.Build.0 = Store|ARM64
		{8F9BB3EE-E365-4FE0-B5EE-FB45D7E7FE41}.TestQ8-OpenMP|x64.ActiveCfg = Store|x64
		{8F9BB3EE-E365-4FE0-B5EE-FB45D7E7FE41}.TestQ8-OpenMP|x64.Build.0 = Store|x64
		{8F9BB3EE-E365-4FE0-B5EE-FB45D7E7FE41}.TestQ8-OpenMP|x86.ActiveCfg = Store|x86
		{8F9BB3EE-E365-4FE0-B5EE-FB45D7E7FE41}.TestQ8-OpenMP|x86.Build.0 = Store|x86
	EndGlobalSection
	GlobalSection(SolutionProperties) = preSolution
		HideSolutionNode = FALSE
	EndGlobalSection
	GlobalSection(NestedProjects) = preSolution
		{25794655-506D-4192-A5F0-F1DF48CA42AE} = {EF8F1F4B-C083-4B6E-A9D6-0A8789C27F53}
		{8F9BB3EE-E365-4FE0-B5EE-FB45D7E7FE41} = {EF8F1F4B-C083-4B6E-A9D6-0A8789C27F53}
	EndGlobalSection
	GlobalSection(ExtensibilityGlobals) = postSolution
		SolutionGuid = {E1AA8A13-C58B-4F0D-ABD4-12B2F2760898}
	EndGlobalSection
EndGlobal
