
Microsoft Visual Studio Solution File, Format Version 12.00
# Visual Studio 15
VisualStudioVersion = 15.0.27703.2000
MinimumVisualStudioVersion = 10.0.40219.1
Project("{9A19103F-16F7-4668-BE54-9A1E7A4F7556}") = "LibRetriX", "LibRetriX\LibRetriX\LibRetriX.csproj", "{D8F5B424-74B7-4482-A152-6CCA862A07CF}"
EndProject
Project("{9A19103F-16F7-4668-BE54-9A1E7A4F7556}") = "LibRetriX.RetroBindings", "LibRetriX\LibRetriX.RetroBindings\LibRetriX.RetroBindings.csproj", "{7491F24F-0F2A-480B-A84F-533A93B37A3B}"
EndProject
Project("{D954291E-2A0B-460D-934E-DC6B0785DB48}") = "LibRetriX.RetroBindings.Static", "LibRetriX\LibRetriX.RetroBindings.Static\LibRetriX.RetroBindings.Static.shproj", "{3F31CF6F-C2DF-489A-9C2A-0B9958D0C143}"
EndProject
Project("{9A19103F-16F7-4668-BE54-9A1E7A4F7556}") = "LibRetriX.Test", "LibRetriX\LibRetriX.Test\LibRetriX.Test.csproj", "{73EE93F5-56AB-43B1-8803-C3D59D686BAB}"
EndProject
Project("{2150E333-8FDC-42A3-9474-1A3956D46DE8}") = "LibretroCores", "LibretroCores", "{21B53BDB-F547-42F1-B069-D6D941D4FFDB}"
EndProject
Project("{9A19103F-16F7-4668-BE54-9A1E7A4F7556}") = "LibRetriX.GenesisPlusGX", "LibRetriX\LibretroCores\LibRetriX.GenesisPlusGX\LibRetriX.GenesisPlusGX.csproj", "{F61D5F0B-5AE9-48ED-8576-C0A36CB5897E}"
EndProject
Project("{9A19103F-16F7-4668-BE54-9A1E7A4F7556}") = "LibRetriX.FCEUMM", "LibRetriX\LibretroCores\LibRetriX.FCEUMM\LibRetriX.FCEUMM.csproj", "{2A967337-9F68-4F43-82B4-C0783E2E82C8}"
EndProject
Project("{9A19103F-16F7-4668-BE54-9A1E7A4F7556}") = "LibRetriX.Snes9X", "LibRetriX\LibretroCores\LibRetriX.Snes9X\LibRetriX.Snes9X.csproj", "{97E27110-6457-47EC-9A1A-F9B709618A22}"
EndProject
Project("{9A19103F-16F7-4668-BE54-9A1E7A4F7556}") = "LibRetriX.BeetleNGP", "LibRetriX\LibretroCores\LibRetriX.BeetleNGP\LibRetriX.BeetleNGP.csproj", "{C29BC8BF-0D1F-4CAC-AE6F-C6469DB3DB51}"
EndProject
Project("{9A19103F-16F7-4668-BE54-9A1E7A4F7556}") = "LibRetriX.BeetlePCFX", "LibRetriX\LibretroCores\LibRetriX.BeetlePCFX\LibRetriX.BeetlePCFX.csproj", "{9C9037DF-45BB-46C5-91C2-F0ADA36CA163}"
EndProject
Project("{9A19103F-16F7-4668-BE54-9A1E7A4F7556}") = "LibRetriX.BeetlePCEFast", "LibRetriX\LibretroCores\LibRetriX.BeetlePCEFast\LibRetriX.BeetlePCEFast.csproj", "{369AD025-714C-4C1F-851F-8EBA96B944C1}"
EndProject
Project("{9A19103F-16F7-4668-BE54-9A1E7A4F7556}") = "LibRetriX.Gambatte", "LibRetriX\LibretroCores\LibRetriX.Gambatte\LibRetriX.Gambatte.csproj", "{01DEE440-7A0C-4FD7-A71E-47DF0E49E14F}"
EndProject
Project("{9A19103F-16F7-4668-BE54-9A1E7A4F7556}") = "LibRetriX.VBAM", "LibRetriX\LibretroCores\LibRetriX.VBAM\LibRetriX.VBAM.csproj", "{1A7167A0-08BF-467E-8451-908C60560791}"
EndProject
Project("{9A19103F-16F7-4668-BE54-9A1E7A4F7556}") = "LibRetriX.BeetleWSwan", "LibRetriX\LibretroCores\LibRetriX.BeetleWSwan\LibRetriX.BeetleWSwan.csproj", "{AD3E8B2D-C6D9-4BF8-BEC9-FC5CF5C0495A}"
EndProject
Project("{9A19103F-16F7-4668-BE54-9A1E7A4F7556}") = "LibRetriX.MelonDS", "LibRetriX\LibretroCores\LibRetriX.MelonDS\LibRetriX.MelonDS.csproj", "{BE0CBF83-3A5F-4BB4-8EBE-34FAD8713587}"
EndProject
Project("{9A19103F-16F7-4668-BE54-9A1E7A4F7556}") = "LibRetriX.FBAlpha", "LibRetriX\LibretroCores\LibRetriX.FBAlpha\LibRetriX.FBAlpha.csproj", "{E3AD7802-7F56-4712-B32D-60B9F2D7C448}"
EndProject
Project("{9A19103F-16F7-4668-BE54-9A1E7A4F7556}") = "LibRetriX.Nestopia", "LibRetriX\LibretroCores\LibRetriX.Nestopia\LibRetriX.Nestopia.csproj", "{EC52C743-895C-4C1B-A62A-134BE9D626AE}"
EndProject
Project("{9A19103F-16F7-4668-BE54-9A1E7A4F7556}") = "LibRetriX.BeetlePSX", "LibRetriX\LibretroCores\LibRetriX.BeetlePSX\LibRetriX.BeetlePSX.csproj", "{D247F3CE-52E5-4A70-B5A2-45EEA703DCAB}"
EndProject
Project("{9A19103F-16F7-4668-BE54-9A1E7A4F7556}") = "LibRetriX.ParallelN64", "LibRetriX\LibretroCores\LibRetriX.ParallelN64\LibRetriX.ParallelN64.csproj", "{426FBAF7-2286-4BA7-9DBA-C6D0C372EF81}"
EndProject
Project("{9A19103F-16F7-4668-BE54-9A1E7A4F7556}") = "LibRetriX.PicoDrive", "LLibRetriX\ibretroCores\LibRetriX.PicoDrive\LibRetriX.PicoDrive.csproj", "{6FDBD49C-7D74-467D-9775-5B59E2850F9A}"
EndProject
Global
	GlobalSection(SharedMSBuildProjectFiles) = preSolution
		LibRetriX.RetroBindings.Static\LibRetriX.RetroBindings.Static.projitems*{3f31cf6f-c2df-489a-9c2a-0b9958d0c143}*SharedItemsImports = 13
	EndGlobalSection
	GlobalSection(SolutionConfigurationPlatforms) = preSolution
		Debug|Any CPU = Debug|Any CPU
		Release|Any CPU = Release|Any CPU
	EndGlobalSection
	GlobalSection(ProjectConfigurationPlatforms) = postSolution
		{D8F5B424-74B7-4482-A152-6CCA862A07CF}.Debug|Any CPU.ActiveCfg = Debug|Any CPU
		{D8F5B424-74B7-4482-A152-6CCA862A07CF}.Debug|Any CPU.Build.0 = Debug|Any CPU
		{D8F5B424-74B7-4482-A152-6CCA862A07CF}.Release|Any CPU.ActiveCfg = Release|Any CPU
		{D8F5B424-74B7-4482-A152-6CCA862A07CF}.Release|Any CPU.Build.0 = Release|Any CPU
		{7491F24F-0F2A-480B-A84F-533A93B37A3B}.Debug|Any CPU.ActiveCfg = Debug|Any CPU
		{7491F24F-0F2A-480B-A84F-533A93B37A3B}.Debug|Any CPU.Build.0 = Debug|Any CPU
		{7491F24F-0F2A-480B-A84F-533A93B37A3B}.Release|Any CPU.ActiveCfg = Release|Any CPU
		{7491F24F-0F2A-480B-A84F-533A93B37A3B}.Release|Any CPU.Build.0 = Release|Any CPU
		{73EE93F5-56AB-43B1-8803-C3D59D686BAB}.Debug|Any CPU.ActiveCfg = Debug|Any CPU
		{73EE93F5-56AB-43B1-8803-C3D59D686BAB}.Debug|Any CPU.Build.0 = Debug|Any CPU
		{73EE93F5-56AB-43B1-8803-C3D59D686BAB}.Release|Any CPU.ActiveCfg = Release|Any CPU
		{73EE93F5-56AB-43B1-8803-C3D59D686BAB}.Release|Any CPU.Build.0 = Release|Any CPU
		{F61D5F0B-5AE9-48ED-8576-C0A36CB5897E}.Debug|Any CPU.ActiveCfg = Debug|Any CPU
		{F61D5F0B-5AE9-48ED-8576-C0A36CB5897E}.Debug|Any CPU.Build.0 = Debug|Any CPU
		{F61D5F0B-5AE9-48ED-8576-C0A36CB5897E}.Release|Any CPU.ActiveCfg = Release|Any CPU
		{F61D5F0B-5AE9-48ED-8576-C0A36CB5897E}.Release|Any CPU.Build.0 = Release|Any CPU
		{2A967337-9F68-4F43-82B4-C0783E2E82C8}.Debug|Any CPU.ActiveCfg = Debug|Any CPU
		{2A967337-9F68-4F43-82B4-C0783E2E82C8}.Debug|Any CPU.Build.0 = Debug|Any CPU
		{2A967337-9F68-4F43-82B4-C0783E2E82C8}.Release|Any CPU.ActiveCfg = Release|Any CPU
		{2A967337-9F68-4F43-82B4-C0783E2E82C8}.Release|Any CPU.Build.0 = Release|Any CPU
		{97E27110-6457-47EC-9A1A-F9B709618A22}.Debug|Any CPU.ActiveCfg = Debug|Any CPU
		{97E27110-6457-47EC-9A1A-F9B709618A22}.Debug|Any CPU.Build.0 = Debug|Any CPU
		{97E27110-6457-47EC-9A1A-F9B709618A22}.Release|Any CPU.ActiveCfg = Release|Any CPU
		{97E27110-6457-47EC-9A1A-F9B709618A22}.Release|Any CPU.Build.0 = Release|Any CPU
		{C29BC8BF-0D1F-4CAC-AE6F-C6469DB3DB51}.Debug|Any CPU.ActiveCfg = Debug|Any CPU
		{C29BC8BF-0D1F-4CAC-AE6F-C6469DB3DB51}.Debug|Any CPU.Build.0 = Debug|Any CPU
		{C29BC8BF-0D1F-4CAC-AE6F-C6469DB3DB51}.Release|Any CPU.ActiveCfg = Release|Any CPU
		{C29BC8BF-0D1F-4CAC-AE6F-C6469DB3DB51}.Release|Any CPU.Build.0 = Release|Any CPU
		{9C9037DF-45BB-46C5-91C2-F0ADA36CA163}.Debug|Any CPU.ActiveCfg = Debug|Any CPU
		{9C9037DF-45BB-46C5-91C2-F0ADA36CA163}.Debug|Any CPU.Build.0 = Debug|Any CPU
		{9C9037DF-45BB-46C5-91C2-F0ADA36CA163}.Release|Any CPU.ActiveCfg = Release|Any CPU
		{9C9037DF-45BB-46C5-91C2-F0ADA36CA163}.Release|Any CPU.Build.0 = Release|Any CPU
		{369AD025-714C-4C1F-851F-8EBA96B944C1}.Debug|Any CPU.ActiveCfg = Debug|Any CPU
		{369AD025-714C-4C1F-851F-8EBA96B944C1}.Debug|Any CPU.Build.0 = Debug|Any CPU
		{369AD025-714C-4C1F-851F-8EBA96B944C1}.Release|Any CPU.ActiveCfg = Release|Any CPU
		{369AD025-714C-4C1F-851F-8EBA96B944C1}.Release|Any CPU.Build.0 = Release|Any CPU
		{01DEE440-7A0C-4FD7-A71E-47DF0E49E14F}.Debug|Any CPU.ActiveCfg = Debug|Any CPU
		{01DEE440-7A0C-4FD7-A71E-47DF0E49E14F}.Debug|Any CPU.Build.0 = Debug|Any CPU
		{01DEE440-7A0C-4FD7-A71E-47DF0E49E14F}.Release|Any CPU.ActiveCfg = Release|Any CPU
		{01DEE440-7A0C-4FD7-A71E-47DF0E49E14F}.Release|Any CPU.Build.0 = Release|Any CPU
		{1A7167A0-08BF-467E-8451-908C60560791}.Debug|Any CPU.ActiveCfg = Debug|Any CPU
		{1A7167A0-08BF-467E-8451-908C60560791}.Debug|Any CPU.Build.0 = Debug|Any CPU
		{1A7167A0-08BF-467E-8451-908C60560791}.Release|Any CPU.ActiveCfg = Release|Any CPU
		{1A7167A0-08BF-467E-8451-908C60560791}.Release|Any CPU.Build.0 = Release|Any CPU
		{AD3E8B2D-C6D9-4BF8-BEC9-FC5CF5C0495A}.Debug|Any CPU.ActiveCfg = Debug|Any CPU
		{AD3E8B2D-C6D9-4BF8-BEC9-FC5CF5C0495A}.Debug|Any CPU.Build.0 = Debug|Any CPU
		{AD3E8B2D-C6D9-4BF8-BEC9-FC5CF5C0495A}.Release|Any CPU.ActiveCfg = Release|Any CPU
		{AD3E8B2D-C6D9-4BF8-BEC9-FC5CF5C0495A}.Release|Any CPU.Build.0 = Release|Any CPU
		{BE0CBF83-3A5F-4BB4-8EBE-34FAD8713587}.Debug|Any CPU.ActiveCfg = Debug|Any CPU
		{BE0CBF83-3A5F-4BB4-8EBE-34FAD8713587}.Debug|Any CPU.Build.0 = Debug|Any CPU
		{BE0CBF83-3A5F-4BB4-8EBE-34FAD8713587}.Release|Any CPU.ActiveCfg = Release|Any CPU
		{BE0CBF83-3A5F-4BB4-8EBE-34FAD8713587}.Release|Any CPU.Build.0 = Release|Any CPU
		{E3AD7802-7F56-4712-B32D-60B9F2D7C448}.Debug|Any CPU.ActiveCfg = Debug|Any CPU
		{E3AD7802-7F56-4712-B32D-60B9F2D7C448}.Debug|Any CPU.Build.0 = Debug|Any CPU
		{E3AD7802-7F56-4712-B32D-60B9F2D7C448}.Release|Any CPU.ActiveCfg = Release|Any CPU
		{E3AD7802-7F56-4712-B32D-60B9F2D7C448}.Release|Any CPU.Build.0 = Release|Any CPU
		{EC52C743-895C-4C1B-A62A-134BE9D626AE}.Debug|Any CPU.ActiveCfg = Debug|Any CPU
		{EC52C743-895C-4C1B-A62A-134BE9D626AE}.Debug|Any CPU.Build.0 = Debug|Any CPU
		{EC52C743-895C-4C1B-A62A-134BE9D626AE}.Release|Any CPU.ActiveCfg = Release|Any CPU
		{EC52C743-895C-4C1B-A62A-134BE9D626AE}.Release|Any CPU.Build.0 = Release|Any CPU
		{D247F3CE-52E5-4A70-B5A2-45EEA703DCAB}.Debug|Any CPU.ActiveCfg = Debug|Any CPU
		{D247F3CE-52E5-4A70-B5A2-45EEA703DCAB}.Debug|Any CPU.Build.0 = Debug|Any CPU
		{D247F3CE-52E5-4A70-B5A2-45EEA703DCAB}.Release|Any CPU.ActiveCfg = Release|Any CPU
		{D247F3CE-52E5-4A70-B5A2-45EEA703DCAB}.Release|Any CPU.Build.0 = Release|Any CPU
		{426FBAF7-2286-4BA7-9DBA-C6D0C372EF81}.Debug|Any CPU.ActiveCfg = Debug|Any CPU
		{426FBAF7-2286-4BA7-9DBA-C6D0C372EF81}.Debug|Any CPU.Build.0 = Debug|Any CPU
		{426FBAF7-2286-4BA7-9DBA-C6D0C372EF81}.Release|Any CPU.ActiveCfg = Release|Any CPU
		{426FBAF7-2286-4BA7-9DBA-C6D0C372EF81}.Release|Any CPU.Build.0 = Release|Any CPU
		{6FDBD49C-7D74-467D-9775-5B59E2850F9A}.Debug|Any CPU.ActiveCfg = Debug|Any CPU
		{6FDBD49C-7D74-467D-9775-5B59E2850F9A}.Debug|Any CPU.Build.0 = Debug|Any CPU
		{6FDBD49C-7D74-467D-9775-5B59E2850F9A}.Release|Any CPU.ActiveCfg = Release|Any CPU
		{6FDBD49C-7D74-467D-9775-5B59E2850F9A}.Release|Any CPU.Build.0 = Release|Any CPU
	EndGlobalSection
	GlobalSection(SolutionProperties) = preSolution
		HideSolutionNode = FALSE
	EndGlobalSection
	GlobalSection(NestedProjects) = preSolution
		{F61D5F0B-5AE9-48ED-8576-C0A36CB5897E} = {21B53BDB-F547-42F1-B069-D6D941D4FFDB}
		{2A967337-9F68-4F43-82B4-C0783E2E82C8} = {21B53BDB-F547-42F1-B069-D6D941D4FFDB}
		{97E27110-6457-47EC-9A1A-F9B709618A22} = {21B53BDB-F547-42F1-B069-D6D941D4FFDB}
		{C29BC8BF-0D1F-4CAC-AE6F-C6469DB3DB51} = {21B53BDB-F547-42F1-B069-D6D941D4FFDB}
		{9C9037DF-45BB-46C5-91C2-F0ADA36CA163} = {21B53BDB-F547-42F1-B069-D6D941D4FFDB}
		{369AD025-714C-4C1F-851F-8EBA96B944C1} = {21B53BDB-F547-42F1-B069-D6D941D4FFDB}
		{01DEE440-7A0C-4FD7-A71E-47DF0E49E14F} = {21B53BDB-F547-42F1-B069-D6D941D4FFDB}
		{1A7167A0-08BF-467E-8451-908C60560791} = {21B53BDB-F547-42F1-B069-D6D941D4FFDB}
		{AD3E8B2D-C6D9-4BF8-BEC9-FC5CF5C0495A} = {21B53BDB-F547-42F1-B069-D6D941D4FFDB}
		{BE0CBF83-3A5F-4BB4-8EBE-34FAD8713587} = {21B53BDB-F547-42F1-B069-D6D941D4FFDB}
		{E3AD7802-7F56-4712-B32D-60B9F2D7C448} = {21B53BDB-F547-42F1-B069-D6D941D4FFDB}
		{EC52C743-895C-4C1B-A62A-134BE9D626AE} = {21B53BDB-F547-42F1-B069-D6D941D4FFDB}
		{D247F3CE-52E5-4A70-B5A2-45EEA703DCAB} = {21B53BDB-F547-42F1-B069-D6D941D4FFDB}
		{426FBAF7-2286-4BA7-9DBA-C6D0C372EF81} = {21B53BDB-F547-42F1-B069-D6D941D4FFDB}
		{6FDBD49C-7D74-467D-9775-5B59E2850F9A} = {21B53BDB-F547-42F1-B069-D6D941D4FFDB}
	EndGlobalSection
	GlobalSection(ExtensibilityGlobals) = postSolution
		SolutionGuid = {C0FF6F8A-C8C1-4D93-8936-6796DE948F67}
	EndGlobalSection
EndGlobal
